// !$*UTF8*$!
{
	archiveVersion = 1;
	classes = {
	};
	objectVersion = 51;
	objects = {

/* Begin PBXBuildFile section */
		544F56C1EA857265523A6A2D /* Pods_TruckerShipper.framework in Frameworks */ = {isa = PBXBuildFile; fileRef = D5AC2E48790C561F507940FD /* Pods_TruckerShipper.framework */; };
		FA20009225839B1D00E14D36 /* LoadDetails.swift in Sources */ = {isa = PBXBuildFile; fileRef = FA20009025839B1D00E14D36 /* LoadDetails.swift */; };
		FA20009325839B1D00E14D36 /* LoadDetails.xib in Resources */ = {isa = PBXBuildFile; fileRef = FA20009125839B1D00E14D36 /* LoadDetails.xib */; };
		FA2000972583BB6800E14D36 /* CalculatedRate.swift in Sources */ = {isa = PBXBuildFile; fileRef = FA2000952583BB6800E14D36 /* CalculatedRate.swift */; };
		FA2000982583BB6800E14D36 /* CalculatedRate.xib in Resources */ = {isa = PBXBuildFile; fileRef = FA2000962583BB6800E14D36 /* CalculatedRate.xib */; };
		FA20009C2583DF8F00E14D36 /* LoadRequest.swift in Sources */ = {isa = PBXBuildFile; fileRef = FA20009A2583DF8E00E14D36 /* LoadRequest.swift */; };
		FA20009D2583DF8F00E14D36 /* LoadRequest.xib in Resources */ = {isa = PBXBuildFile; fileRef = FA20009B2583DF8F00E14D36 /* LoadRequest.xib */; };
		FA294FBD2587BE2500323EA2 /* DocumentModel.swift in Sources */ = {isa = PBXBuildFile; fileRef = FA294FBC2587BE2500323EA2 /* DocumentModel.swift */; };
		FA294FC32587CAFD00323EA2 /* BookingDocuments.swift in Sources */ = {isa = PBXBuildFile; fileRef = FA294FC12587CAFD00323EA2 /* BookingDocuments.swift */; };
		FA294FC42587CAFD00323EA2 /* BookingDocuments.xib in Resources */ = {isa = PBXBuildFile; fileRef = FA294FC22587CAFD00323EA2 /* BookingDocuments.xib */; };
		FA294FC82587CD8600323EA2 /* BookingDocumentTVC.swift in Sources */ = {isa = PBXBuildFile; fileRef = FA294FC62587CD8600323EA2 /* BookingDocumentTVC.swift */; };
		FA294FC92587CD8600323EA2 /* BookingDocumentTVC.xib in Resources */ = {isa = PBXBuildFile; fileRef = FA294FC72587CD8600323EA2 /* BookingDocumentTVC.xib */; };
		FA294FCD2587E51C00323EA2 /* WebView.swift in Sources */ = {isa = PBXBuildFile; fileRef = FA294FCB2587E51C00323EA2 /* WebView.swift */; };
		FA294FCE2587E51C00323EA2 /* WebView.xib in Resources */ = {isa = PBXBuildFile; fileRef = FA294FCC2587E51C00323EA2 /* WebView.xib */; };
		FA294FD22587E78700323EA2 /* BookingDocuments+Extension.swift in Sources */ = {isa = PBXBuildFile; fileRef = FA294FD12587E78700323EA2 /* BookingDocuments+Extension.swift */; };
		FA294FD42587F23B00323EA2 /* WebKit.framework in Frameworks */ = {isa = PBXBuildFile; fileRef = FA294FD32587F23A00323EA2 /* WebKit.framework */; };
		FA294FD72587FB9E00323EA2 /* MyAccount+Extension.swift in Sources */ = {isa = PBXBuildFile; fileRef = FA294FD62587FB9E00323EA2 /* MyAccount+Extension.swift */; };
		FA294FDB2588209A00323EA2 /* Trips.swift in Sources */ = {isa = PBXBuildFile; fileRef = FA294FD92588209A00323EA2 /* Trips.swift */; };
		FA294FDC2588209A00323EA2 /* Trips.xib in Resources */ = {isa = PBXBuildFile; fileRef = FA294FDA2588209A00323EA2 /* Trips.xib */; };
		FA295004258846B700323EA2 /* DriverIdModel.swift in Sources */ = {isa = PBXBuildFile; fileRef = FA294FFD258846B600323EA2 /* DriverIdModel.swift */; };
		FA295005258846B700323EA2 /* VehicleIdModel.swift in Sources */ = {isa = PBXBuildFile; fileRef = FA294FFE258846B600323EA2 /* VehicleIdModel.swift */; };
		FA295006258846B700323EA2 /* TripModel.swift in Sources */ = {isa = PBXBuildFile; fileRef = FA294FFF258846B600323EA2 /* TripModel.swift */; };
		FA295008258846B700323EA2 /* TripMilesModel.swift in Sources */ = {isa = PBXBuildFile; fileRef = FA295001258846B600323EA2 /* TripMilesModel.swift */; };
		FA29500A258846B700323EA2 /* CrewIdModel.swift in Sources */ = {isa = PBXBuildFile; fileRef = FA295003258846B700323EA2 /* CrewIdModel.swift */; };
		FA3298DA2588CAB700BA8C49 /* TripDetail.swift in Sources */ = {isa = PBXBuildFile; fileRef = FA3298D82588CAB700BA8C49 /* TripDetail.swift */; };
		FA3298DB2588CAB700BA8C49 /* TripDetail.xib in Resources */ = {isa = PBXBuildFile; fileRef = FA3298D92588CAB700BA8C49 /* TripDetail.xib */; };
		FA37E9FB2574099A0073CF0C /* AppDelegate.swift in Sources */ = {isa = PBXBuildFile; fileRef = FA37E9FA2574099A0073CF0C /* AppDelegate.swift */; };
		FA37EA042574099D0073CF0C /* Assets.xcassets in Resources */ = {isa = PBXBuildFile; fileRef = FA37EA032574099D0073CF0C /* Assets.xcassets */; };
		FA37EA072574099D0073CF0C /* LaunchScreen.storyboard in Resources */ = {isa = PBXBuildFile; fileRef = FA37EA052574099D0073CF0C /* LaunchScreen.storyboard */; };
		FA37EA5025740E4C0073CF0C /* Strings.swift in Sources */ = {isa = PBXBuildFile; fileRef = FA37EA1225740E4C0073CF0C /* Strings.swift */; };
		FA37EA5125740E4C0073CF0C /* DynamicFonts.swift in Sources */ = {isa = PBXBuildFile; fileRef = FA37EA1425740E4C0073CF0C /* DynamicFonts.swift */; };
		FA37EA5225740E4C0073CF0C /* MOLHLanguage.swift in Sources */ = {isa = PBXBuildFile; fileRef = FA37EA1625740E4C0073CF0C /* MOLHLanguage.swift */; };
		FA37EA5325740E4C0073CF0C /* MOLH.swift in Sources */ = {isa = PBXBuildFile; fileRef = FA37EA1725740E4C0073CF0C /* MOLH.swift */; };
		FA37EA5425740E4C0073CF0C /* MOLHSizable.swift in Sources */ = {isa = PBXBuildFile; fileRef = FA37EA1825740E4C0073CF0C /* MOLHSizable.swift */; };
		FA37EA5525740E4C0073CF0C /* MOLHFontLocalizableViews.swift in Sources */ = {isa = PBXBuildFile; fileRef = FA37EA1925740E4C0073CF0C /* MOLHFontLocalizableViews.swift */; };
		FA37EA5625740E4C0073CF0C /* MOLHFont.swift in Sources */ = {isa = PBXBuildFile; fileRef = FA37EA1A25740E4C0073CF0C /* MOLHFont.swift */; };
		FA37EA5725740E4C0073CF0C /* Validation.swift in Sources */ = {isa = PBXBuildFile; fileRef = FA37EA1D25740E4C0073CF0C /* Validation.swift */; };
		FA37EA5825740E4C0073CF0C /* Utility.swift in Sources */ = {isa = PBXBuildFile; fileRef = FA37EA1E25740E4C0073CF0C /* Utility.swift */; };
		FA37EA5925740E4C0073CF0C /* Constants.swift in Sources */ = {isa = PBXBuildFile; fileRef = FA37EA2025740E4C0073CF0C /* Constants.swift */; };
		FA37EA5A25740E4C0073CF0C /* Enums.swift in Sources */ = {isa = PBXBuildFile; fileRef = FA37EA2225740E4C0073CF0C /* Enums.swift */; };
		FA37EA5B25740E4C0073CF0C /* UIApplication+Extension.swift in Sources */ = {isa = PBXBuildFile; fileRef = FA37EA2425740E4C0073CF0C /* UIApplication+Extension.swift */; };
		FA37EA5C25740E4C0073CF0C /* UIFont+Extension.swift in Sources */ = {isa = PBXBuildFile; fileRef = FA37EA2525740E4C0073CF0C /* UIFont+Extension.swift */; };
		FA37EA5D25740E4C0073CF0C /* UIColor+Extension.swift in Sources */ = {isa = PBXBuildFile; fileRef = FA37EA2625740E4C0073CF0C /* UIColor+Extension.swift */; };
		FA37EA5E25740E4C0073CF0C /* UIImageViewExtension.swift in Sources */ = {isa = PBXBuildFile; fileRef = FA37EA2725740E4C0073CF0C /* UIImageViewExtension.swift */; };
		FA37EA5F25740E4C0073CF0C /* UIView+Extention.swift in Sources */ = {isa = PBXBuildFile; fileRef = FA37EA2825740E4C0073CF0C /* UIView+Extention.swift */; };
		FA37EA6025740E4C0073CF0C /* UILabel+Extension.swift in Sources */ = {isa = PBXBuildFile; fileRef = FA37EA2925740E4C0073CF0C /* UILabel+Extension.swift */; };
		FA37EA6125740E4C0073CF0C /* UIButton+Extension.swift in Sources */ = {isa = PBXBuildFile; fileRef = FA37EA2A25740E4C0073CF0C /* UIButton+Extension.swift */; };
		FA37EA6225740E4C0073CF0C /* UIImage+Extension.swift in Sources */ = {isa = PBXBuildFile; fileRef = FA37EA2B25740E4C0073CF0C /* UIImage+Extension.swift */; };
		FA37EA6325740E4C0073CF0C /* UIViewController+Extension.swift in Sources */ = {isa = PBXBuildFile; fileRef = FA37EA2C25740E4C0073CF0C /* UIViewController+Extension.swift */; };
		FA37EA6425740E4C0073CF0C /* String+Extension.swift in Sources */ = {isa = PBXBuildFile; fileRef = FA37EA2D25740E4C0073CF0C /* String+Extension.swift */; };
		FA37EA6525740E4C0073CF0C /* Dictionary+Extension.swift in Sources */ = {isa = PBXBuildFile; fileRef = FA37EA2E25740E4C0073CF0C /* Dictionary+Extension.swift */; };
		FA37EA6625740E4C0073CF0C /* CLPlacemark+Extension.swift in Sources */ = {isa = PBXBuildFile; fileRef = FA37EA2F25740E4C0073CF0C /* CLPlacemark+Extension.swift */; };
		FA37EA6725740E4C0073CF0C /* UITextField+Extension.swift in Sources */ = {isa = PBXBuildFile; fileRef = FA37EA3025740E4C0073CF0C /* UITextField+Extension.swift */; };
		FA37EA6825740E4C0073CF0C /* Singleton.swift in Sources */ = {isa = PBXBuildFile; fileRef = FA37EA3225740E4C0073CF0C /* Singleton.swift */; };
		FA37EA6925740E4C0073CF0C /* LanguageManager.swift in Sources */ = {isa = PBXBuildFile; fileRef = FA37EA3425740E4C0073CF0C /* LanguageManager.swift */; };
		FA37EA6A25740E4C0073CF0C /* CustomLocale.swift in Sources */ = {isa = PBXBuildFile; fileRef = FA37EA3525740E4C0073CF0C /* CustomLocale.swift */; };
		FA37EA6B25740E4C0073CF0C /* BaseController.swift in Sources */ = {isa = PBXBuildFile; fileRef = FA37EA3725740E4C0073CF0C /* BaseController.swift */; };
		FA37EA6C25740E4C0073CF0C /* BaseNavigationController.swift in Sources */ = {isa = PBXBuildFile; fileRef = FA37EA3825740E4C0073CF0C /* BaseNavigationController.swift */; };
		FA37EA6E25740E4C0073CF0C /* ProjectStructs.swift in Sources */ = {isa = PBXBuildFile; fileRef = FA37EA3C25740E4C0073CF0C /* ProjectStructs.swift */; };
		FA37EA6F25740E4C0073CF0C /* ProjectEnums.swift in Sources */ = {isa = PBXBuildFile; fileRef = FA37EA3E25740E4C0073CF0C /* ProjectEnums.swift */; };
		FA37EA7025740E4C0073CF0C /* CustomLoader.swift in Sources */ = {isa = PBXBuildFile; fileRef = FA37EA4025740E4C0073CF0C /* CustomLoader.swift */; };
		FA37EA7125740E4C0073CF0C /* ButtonStates.swift in Sources */ = {isa = PBXBuildFile; fileRef = FA37EA4225740E4C0073CF0C /* ButtonStates.swift */; };
		FA37EA7225740E4C0073CF0C /* RoundedCorners.swift in Sources */ = {isa = PBXBuildFile; fileRef = FA37EA4325740E4C0073CF0C /* RoundedCorners.swift */; };
		FA37EA7325740E4C0073CF0C /* Greycliff-cf-regular.ttf in Resources */ = {isa = PBXBuildFile; fileRef = FA37EA4525740E4C0073CF0C /* Greycliff-cf-regular.ttf */; };
		FA37EA7425740E4C0073CF0C /* Greycliff-cf-bold.ttf in Resources */ = {isa = PBXBuildFile; fileRef = FA37EA4625740E4C0073CF0C /* Greycliff-cf-bold.ttf */; };
		FA37EA7525740E4C0073CF0C /* Greycliff-cf-medium.ttf in Resources */ = {isa = PBXBuildFile; fileRef = FA37EA4725740E4C0073CF0C /* Greycliff-cf-medium.ttf */; };
		FA37EA7625740E4C0073CF0C /* Greycliff-cf-light.ttf in Resources */ = {isa = PBXBuildFile; fileRef = FA37EA4825740E4C0073CF0C /* Greycliff-cf-light.ttf */; };
		FA37EA7725740E4C0073CF0C /* APIManagerBase.swift in Sources */ = {isa = PBXBuildFile; fileRef = FA37EA4A25740E4C0073CF0C /* APIManagerBase.swift */; };
		FA37EA7825740E4C0073CF0C /* APIManager.swift in Sources */ = {isa = PBXBuildFile; fileRef = FA37EA4B25740E4C0073CF0C /* APIManager.swift */; };
		FA37EA7925740E4C0073CF0C /* UserAPIManager.swift in Sources */ = {isa = PBXBuildFile; fileRef = FA37EA4D25740E4C0073CF0C /* UserAPIManager.swift */; };
		FA37EA7A25740E4C0073CF0C /* AppStateManager.swift in Sources */ = {isa = PBXBuildFile; fileRef = FA37EA4F25740E4C0073CF0C /* AppStateManager.swift */; };
		FA37EA9F25740EAD0073CF0C /* Home.xib in Resources */ = {isa = PBXBuildFile; fileRef = FA37EA7F25740EAD0073CF0C /* Home.xib */; };
		FA37EAA025740EAD0073CF0C /* Home.swift in Sources */ = {isa = PBXBuildFile; fileRef = FA37EA8025740EAD0073CF0C /* Home.swift */; };
		FA37EAA925740EAD0073CF0C /* SideMenu.xib in Resources */ = {isa = PBXBuildFile; fileRef = FA37EA8F25740EAD0073CF0C /* SideMenu.xib */; };
		FA37EAAA25740EAD0073CF0C /* SideMenu.swift in Sources */ = {isa = PBXBuildFile; fileRef = FA37EA9025740EAD0073CF0C /* SideMenu.swift */; };
		FA37EAAB25740EAD0073CF0C /* Notifications.swift in Sources */ = {isa = PBXBuildFile; fileRef = FA37EA9225740EAD0073CF0C /* Notifications.swift */; };
		FA37EAAC25740EAD0073CF0C /* Notifications.xib in Resources */ = {isa = PBXBuildFile; fileRef = FA37EA9325740EAD0073CF0C /* Notifications.xib */; };
		FA37EAAD25740EAD0073CF0C /* NotificationsTVC.xib in Resources */ = {isa = PBXBuildFile; fileRef = FA37EA9525740EAD0073CF0C /* NotificationsTVC.xib */; };
		FA37EAAE25740EAD0073CF0C /* NotificationsTVC.swift in Sources */ = {isa = PBXBuildFile; fileRef = FA37EA9625740EAD0073CF0C /* NotificationsTVC.swift */; };
		FA37EAAF25740EAE0073CF0C /* Login.strings in Resources */ = {isa = PBXBuildFile; fileRef = FA37EA9A25740EAD0073CF0C /* Login.strings */; };
		FA37EAB025740EAE0073CF0C /* Login.swift in Sources */ = {isa = PBXBuildFile; fileRef = FA37EA9C25740EAD0073CF0C /* Login.swift */; };
		FA37EAB125740EAE0073CF0C /* Login.xib in Resources */ = {isa = PBXBuildFile; fileRef = FA37EA9D25740EAD0073CF0C /* Login.xib */; };
		FA37EAB7257429350073CF0C /* ForgotPassword.swift in Sources */ = {isa = PBXBuildFile; fileRef = FA37EAB5257429350073CF0C /* ForgotPassword.swift */; };
		FA37EAB8257429350073CF0C /* ForgotPassword.xib in Resources */ = {isa = PBXBuildFile; fileRef = FA37EAB6257429350073CF0C /* ForgotPassword.xib */; };
		FA37EABB257432E10073CF0C /* SignUp.swift in Sources */ = {isa = PBXBuildFile; fileRef = FA37EAB9257432E10073CF0C /* SignUp.swift */; };
		FA37EABC257432E10073CF0C /* SignUp.xib in Resources */ = {isa = PBXBuildFile; fileRef = FA37EABA257432E10073CF0C /* SignUp.xib */; };
		FA5225AC25802E6200C4FFD0 /* MyContractsTVC.swift in Sources */ = {isa = PBXBuildFile; fileRef = FA5225AA25802E6200C4FFD0 /* MyContractsTVC.swift */; };
		FA5225AD25802E6200C4FFD0 /* MyContractsTVC.xib in Resources */ = {isa = PBXBuildFile; fileRef = FA5225AB25802E6200C4FFD0 /* MyContractsTVC.xib */; };
		FA62D004257D6263000DCFDD /* AttributesAPIManager.swift in Sources */ = {isa = PBXBuildFile; fileRef = FA62D003257D6263000DCFDD /* AttributesAPIManager.swift */; };
		FA62D008257D716C000DCFDD /* MyContracts.swift in Sources */ = {isa = PBXBuildFile; fileRef = FA62D006257D716C000DCFDD /* MyContracts.swift */; };
		FA62D009257D716C000DCFDD /* MyContracts.xib in Resources */ = {isa = PBXBuildFile; fileRef = FA62D007257D716C000DCFDD /* MyContracts.xib */; };
		FA6B42412578F97500C6D106 /* AttributeModel.swift in Sources */ = {isa = PBXBuildFile; fileRef = FA6B42402578F97500C6D106 /* AttributeModel.swift */; };
		FA6B424A25791ABE00C6D106 /* UserModel.swift in Sources */ = {isa = PBXBuildFile; fileRef = FA6B424325791ABD00C6D106 /* UserModel.swift */; };
		FA6B424B25791ABE00C6D106 /* CreatedByModel.swift in Sources */ = {isa = PBXBuildFile; fileRef = FA6B424425791ABD00C6D106 /* CreatedByModel.swift */; };
		FA6B424C25791ABE00C6D106 /* RoleId.swift in Sources */ = {isa = PBXBuildFile; fileRef = FA6B424525791ABE00C6D106 /* RoleId.swift */; };
		FA6B424E25791ABE00C6D106 /* UpdatedBy.swift in Sources */ = {isa = PBXBuildFile; fileRef = FA6B424725791ABE00C6D106 /* UpdatedBy.swift */; };
		FA6B424F25791ABE00C6D106 /* User.swift in Sources */ = {isa = PBXBuildFile; fileRef = FA6B424825791ABE00C6D106 /* User.swift */; };
		FA6F0144258AA23400197BE4 /* DashboardTVC.swift in Sources */ = {isa = PBXBuildFile; fileRef = FA6F0142258AA23400197BE4 /* DashboardTVC.swift */; };
		FA6F0145258AA23400197BE4 /* DashboardTVC.xib in Resources */ = {isa = PBXBuildFile; fileRef = FA6F0143258AA23400197BE4 /* DashboardTVC.xib */; };
		FA88032D258F63E500B7A0ED /* NotificationDataModel.swift in Sources */ = {isa = PBXBuildFile; fileRef = FA880329258F63E400B7A0ED /* NotificationDataModel.swift */; };
		FA88032E258F63E500B7A0ED /* NotificationsModel.swift in Sources */ = {isa = PBXBuildFile; fileRef = FA88032A258F63E400B7A0ED /* NotificationsModel.swift */; };
		FA88032F258F63E500B7A0ED /* NotificationToModel.swift in Sources */ = {isa = PBXBuildFile; fileRef = FA88032B258F63E500B7A0ED /* NotificationToModel.swift */; };
		FA880330258F63E500B7A0ED /* NotificationFromModel.swift in Sources */ = {isa = PBXBuildFile; fileRef = FA88032C258F63E500B7A0ED /* NotificationFromModel.swift */; };
		FA9DBD77258937FD0082A67C /* ShipperIdModel.swift in Sources */ = {isa = PBXBuildFile; fileRef = FA9DBD73258937FC0082A67C /* ShipperIdModel.swift */; };
		FA9DBD78258937FD0082A67C /* RemarksMark.swift in Sources */ = {isa = PBXBuildFile; fileRef = FA9DBD74258937FD0082A67C /* RemarksMark.swift */; };
		FA9DBD79258937FD0082A67C /* BookingDetailtModel.swift in Sources */ = {isa = PBXBuildFile; fileRef = FA9DBD75258937FD0082A67C /* BookingDetailtModel.swift */; };
		FA9DBD7A258937FD0082A67C /* TripsModel.swift in Sources */ = {isa = PBXBuildFile; fileRef = FA9DBD76258937FD0082A67C /* TripsModel.swift */; };
		FAA9C848258D3E50005FC95C /* TripDetailTVC.swift in Sources */ = {isa = PBXBuildFile; fileRef = FAA9C846258D3E50005FC95C /* TripDetailTVC.swift */; };
		FAA9C849258D3E50005FC95C /* TripDetailTVC.xib in Resources */ = {isa = PBXBuildFile; fileRef = FAA9C847258D3E50005FC95C /* TripDetailTVC.xib */; };
		FAA9C84D258D4B45005FC95C /* MilesTVC.swift in Sources */ = {isa = PBXBuildFile; fileRef = FAA9C84B258D4B45005FC95C /* MilesTVC.swift */; };
		FAA9C84E258D4B45005FC95C /* MilesTVC.xib in Resources */ = {isa = PBXBuildFile; fileRef = FAA9C84C258D4B45005FC95C /* MilesTVC.xib */; };
		FAA9C852258D769B005FC95C /* TrackLocation.swift in Sources */ = {isa = PBXBuildFile; fileRef = FAA9C850258D769B005FC95C /* TrackLocation.swift */; };
		FAA9C853258D769B005FC95C /* TrackLocation.xib in Resources */ = {isa = PBXBuildFile; fileRef = FAA9C851258D769B005FC95C /* TrackLocation.xib */; };
		FAA9C858258D83C6005FC95C /* Reports.swift in Sources */ = {isa = PBXBuildFile; fileRef = FAA9C856258D83C6005FC95C /* Reports.swift */; };
		FAA9C859258D83C6005FC95C /* Reports.xib in Resources */ = {isa = PBXBuildFile; fileRef = FAA9C857258D83C6005FC95C /* Reports.xib */; };
		FAA9C85D258D8C2B005FC95C /* CMS.swift in Sources */ = {isa = PBXBuildFile; fileRef = FAA9C85B258D8C2A005FC95C /* CMS.swift */; };
		FAA9C85E258D8C2B005FC95C /* CMS.xib in Resources */ = {isa = PBXBuildFile; fileRef = FAA9C85C258D8C2A005FC95C /* CMS.xib */; };
		FAA9C862258D9172005FC95C /* ChangePassword.swift in Sources */ = {isa = PBXBuildFile; fileRef = FAA9C860258D9172005FC95C /* ChangePassword.swift */; };
		FAA9C863258D9172005FC95C /* ChangePassword.xib in Resources */ = {isa = PBXBuildFile; fileRef = FAA9C861258D9172005FC95C /* ChangePassword.xib */; };
		FABB36A42580B4870084BCCA /* ShipperApiManager.swift in Sources */ = {isa = PBXBuildFile; fileRef = FABB36A32580B4870084BCCA /* ShipperApiManager.swift */; };
		FACF6A762585A14E004D2C16 /* Bookings.swift in Sources */ = {isa = PBXBuildFile; fileRef = FACF6A742585A14E004D2C16 /* Bookings.swift */; };
		FACF6A772585A14E004D2C16 /* Bookings.xib in Resources */ = {isa = PBXBuildFile; fileRef = FACF6A752585A14E004D2C16 /* Bookings.xib */; };
		FAD70DBF258C0E2E00AACEDB /* BookingsCountModel.swift in Sources */ = {isa = PBXBuildFile; fileRef = FAD70DBE258C0E2E00AACEDB /* BookingsCountModel.swift */; };
		FAE067CA257AE6A2005E1C97 /* CardView.swift in Sources */ = {isa = PBXBuildFile; fileRef = FAE067C9257AE6A2005E1C97 /* CardView.swift */; };
		FAE067CE257AF5EB005E1C97 /* MyAccount.swift in Sources */ = {isa = PBXBuildFile; fileRef = FAE067CC257AF5EB005E1C97 /* MyAccount.swift */; };
		FAE067CF257AF5EB005E1C97 /* MyAccount.xib in Resources */ = {isa = PBXBuildFile; fileRef = FAE067CD257AF5EB005E1C97 /* MyAccount.xib */; };
		FAEDA2092586607C00AD777F /* DropOffModel.swift in Sources */ = {isa = PBXBuildFile; fileRef = FAEDA1FD2586607A00AD777F /* DropOffModel.swift */; };
		FAEDA20B2586607C00AD777F /* BookingModel.swift in Sources */ = {isa = PBXBuildFile; fileRef = FAEDA1FF2586607B00AD777F /* BookingModel.swift */; };
		FAEDA20C2586607C00AD777F /* PickupModel.swift in Sources */ = {isa = PBXBuildFile; fileRef = FAEDA2002586607B00AD777F /* PickupModel.swift */; };
		FAEDA2132586607C00AD777F /* RemarksModel.swift in Sources */ = {isa = PBXBuildFile; fileRef = FAEDA2072586607C00AD777F /* RemarksModel.swift */; };
		FAEDA21825866DFD00AD777F /* Dashboard.swift in Sources */ = {isa = PBXBuildFile; fileRef = FAEDA21625866DFD00AD777F /* Dashboard.swift */; };
		FAEDA21925866DFD00AD777F /* Dashboard.xib in Resources */ = {isa = PBXBuildFile; fileRef = FAEDA21725866DFD00AD777F /* Dashboard.xib */; };
		FAEDA21C258672A900AD777F /* DashboardHeader.xib in Resources */ = {isa = PBXBuildFile; fileRef = FAEDA21B258672A900AD777F /* DashboardHeader.xib */; };
		FAEDA21E258672BC00AD777F /* DashboardHeader.swift in Sources */ = {isa = PBXBuildFile; fileRef = FAEDA21D258672BC00AD777F /* DashboardHeader.swift */; };
		FAEDA22625869B8A00AD777F /* TitleHeader.xib in Resources */ = {isa = PBXBuildFile; fileRef = FAEDA22525869B8A00AD777F /* TitleHeader.xib */; };
		FAEDA22825869B9600AD777F /* TitleHeader.swift in Sources */ = {isa = PBXBuildFile; fileRef = FAEDA22725869B9600AD777F /* TitleHeader.swift */; };
		FAEDA22C2586AF9600AD777F /* BookingsTVC.swift in Sources */ = {isa = PBXBuildFile; fileRef = FAEDA22A2586AF9600AD777F /* BookingsTVC.swift */; };
		FAEDA22D2586AF9600AD777F /* BookingsTVC.xib in Resources */ = {isa = PBXBuildFile; fileRef = FAEDA22B2586AF9600AD777F /* BookingsTVC.xib */; };
/* End PBXBuildFile section */

/* Begin PBXFileReference section */
		A132EE7F1F1B3B363015A156 /* Pods-TruckerShipper.debug.xcconfig */ = {isa = PBXFileReference; includeInIndex = 1; lastKnownFileType = text.xcconfig; name = "Pods-TruckerShipper.debug.xcconfig"; path = "Target Support Files/Pods-TruckerShipper/Pods-TruckerShipper.debug.xcconfig"; sourceTree = "<group>"; };
		C2C9B300DDD7FD3454D093B4 /* Pods-TruckerShipper.release.xcconfig */ = {isa = PBXFileReference; includeInIndex = 1; lastKnownFileType = text.xcconfig; name = "Pods-TruckerShipper.release.xcconfig"; path = "Target Support Files/Pods-TruckerShipper/Pods-TruckerShipper.release.xcconfig"; sourceTree = "<group>"; };
		D5AC2E48790C561F507940FD /* Pods_TruckerShipper.framework */ = {isa = PBXFileReference; explicitFileType = wrapper.framework; includeInIndex = 0; path = Pods_TruckerShipper.framework; sourceTree = BUILT_PRODUCTS_DIR; };
		FA20009025839B1D00E14D36 /* LoadDetails.swift */ = {isa = PBXFileReference; lastKnownFileType = sourcecode.swift; path = LoadDetails.swift; sourceTree = "<group>"; };
		FA20009125839B1D00E14D36 /* LoadDetails.xib */ = {isa = PBXFileReference; lastKnownFileType = file.xib; path = LoadDetails.xib; sourceTree = "<group>"; };
		FA2000952583BB6800E14D36 /* CalculatedRate.swift */ = {isa = PBXFileReference; lastKnownFileType = sourcecode.swift; path = CalculatedRate.swift; sourceTree = "<group>"; };
		FA2000962583BB6800E14D36 /* CalculatedRate.xib */ = {isa = PBXFileReference; lastKnownFileType = file.xib; path = CalculatedRate.xib; sourceTree = "<group>"; };
		FA20009A2583DF8E00E14D36 /* LoadRequest.swift */ = {isa = PBXFileReference; lastKnownFileType = sourcecode.swift; path = LoadRequest.swift; sourceTree = "<group>"; };
		FA20009B2583DF8F00E14D36 /* LoadRequest.xib */ = {isa = PBXFileReference; lastKnownFileType = file.xib; path = LoadRequest.xib; sourceTree = "<group>"; };
		FA294FBC2587BE2500323EA2 /* DocumentModel.swift */ = {isa = PBXFileReference; fileEncoding = 4; lastKnownFileType = sourcecode.swift; path = DocumentModel.swift; sourceTree = "<group>"; };
		FA294FC12587CAFD00323EA2 /* BookingDocuments.swift */ = {isa = PBXFileReference; lastKnownFileType = sourcecode.swift; path = BookingDocuments.swift; sourceTree = "<group>"; };
		FA294FC22587CAFD00323EA2 /* BookingDocuments.xib */ = {isa = PBXFileReference; lastKnownFileType = file.xib; path = BookingDocuments.xib; sourceTree = "<group>"; };
		FA294FC62587CD8600323EA2 /* BookingDocumentTVC.swift */ = {isa = PBXFileReference; lastKnownFileType = sourcecode.swift; path = BookingDocumentTVC.swift; sourceTree = "<group>"; };
		FA294FC72587CD8600323EA2 /* BookingDocumentTVC.xib */ = {isa = PBXFileReference; lastKnownFileType = file.xib; path = BookingDocumentTVC.xib; sourceTree = "<group>"; };
		FA294FCB2587E51C00323EA2 /* WebView.swift */ = {isa = PBXFileReference; lastKnownFileType = sourcecode.swift; path = WebView.swift; sourceTree = "<group>"; };
		FA294FCC2587E51C00323EA2 /* WebView.xib */ = {isa = PBXFileReference; lastKnownFileType = file.xib; path = WebView.xib; sourceTree = "<group>"; };
		FA294FD12587E78700323EA2 /* BookingDocuments+Extension.swift */ = {isa = PBXFileReference; lastKnownFileType = sourcecode.swift; path = "BookingDocuments+Extension.swift"; sourceTree = "<group>"; };
		FA294FD32587F23A00323EA2 /* WebKit.framework */ = {isa = PBXFileReference; lastKnownFileType = wrapper.framework; name = WebKit.framework; path = System/Library/Frameworks/WebKit.framework; sourceTree = SDKROOT; };
		FA294FD62587FB9E00323EA2 /* MyAccount+Extension.swift */ = {isa = PBXFileReference; lastKnownFileType = sourcecode.swift; path = "MyAccount+Extension.swift"; sourceTree = "<group>"; };
		FA294FD92588209A00323EA2 /* Trips.swift */ = {isa = PBXFileReference; lastKnownFileType = sourcecode.swift; path = Trips.swift; sourceTree = "<group>"; };
		FA294FDA2588209A00323EA2 /* Trips.xib */ = {isa = PBXFileReference; lastKnownFileType = file.xib; path = Trips.xib; sourceTree = "<group>"; };
		FA294FFD258846B600323EA2 /* DriverIdModel.swift */ = {isa = PBXFileReference; fileEncoding = 4; lastKnownFileType = sourcecode.swift; path = DriverIdModel.swift; sourceTree = "<group>"; };
		FA294FFE258846B600323EA2 /* VehicleIdModel.swift */ = {isa = PBXFileReference; fileEncoding = 4; lastKnownFileType = sourcecode.swift; path = VehicleIdModel.swift; sourceTree = "<group>"; };
		FA294FFF258846B600323EA2 /* TripModel.swift */ = {isa = PBXFileReference; fileEncoding = 4; lastKnownFileType = sourcecode.swift; path = TripModel.swift; sourceTree = "<group>"; };
		FA295001258846B600323EA2 /* TripMilesModel.swift */ = {isa = PBXFileReference; fileEncoding = 4; lastKnownFileType = sourcecode.swift; path = TripMilesModel.swift; sourceTree = "<group>"; };
		FA295003258846B700323EA2 /* CrewIdModel.swift */ = {isa = PBXFileReference; fileEncoding = 4; lastKnownFileType = sourcecode.swift; path = CrewIdModel.swift; sourceTree = "<group>"; };
		FA3298D82588CAB700BA8C49 /* TripDetail.swift */ = {isa = PBXFileReference; lastKnownFileType = sourcecode.swift; path = TripDetail.swift; sourceTree = "<group>"; };
		FA3298D92588CAB700BA8C49 /* TripDetail.xib */ = {isa = PBXFileReference; lastKnownFileType = file.xib; path = TripDetail.xib; sourceTree = "<group>"; };
		FA37E9F72574099A0073CF0C /* TruckerShipper.app */ = {isa = PBXFileReference; explicitFileType = wrapper.application; includeInIndex = 0; path = TruckerShipper.app; sourceTree = BUILT_PRODUCTS_DIR; };
		FA37E9FA2574099A0073CF0C /* AppDelegate.swift */ = {isa = PBXFileReference; lastKnownFileType = sourcecode.swift; path = AppDelegate.swift; sourceTree = "<group>"; };
		FA37EA032574099D0073CF0C /* Assets.xcassets */ = {isa = PBXFileReference; lastKnownFileType = folder.assetcatalog; path = Assets.xcassets; sourceTree = "<group>"; };
		FA37EA062574099D0073CF0C /* Base */ = {isa = PBXFileReference; lastKnownFileType = file.storyboard; name = Base; path = Base.lproj/LaunchScreen.storyboard; sourceTree = "<group>"; };
		FA37EA082574099D0073CF0C /* Info.plist */ = {isa = PBXFileReference; lastKnownFileType = text.plist.xml; path = Info.plist; sourceTree = "<group>"; };
		FA37EA1225740E4C0073CF0C /* Strings.swift */ = {isa = PBXFileReference; fileEncoding = 4; lastKnownFileType = sourcecode.swift; path = Strings.swift; sourceTree = "<group>"; };
		FA37EA1425740E4C0073CF0C /* DynamicFonts.swift */ = {isa = PBXFileReference; fileEncoding = 4; lastKnownFileType = sourcecode.swift; path = DynamicFonts.swift; sourceTree = "<group>"; };
		FA37EA1625740E4C0073CF0C /* MOLHLanguage.swift */ = {isa = PBXFileReference; fileEncoding = 4; lastKnownFileType = sourcecode.swift; path = MOLHLanguage.swift; sourceTree = "<group>"; };
		FA37EA1725740E4C0073CF0C /* MOLH.swift */ = {isa = PBXFileReference; fileEncoding = 4; lastKnownFileType = sourcecode.swift; path = MOLH.swift; sourceTree = "<group>"; };
		FA37EA1825740E4C0073CF0C /* MOLHSizable.swift */ = {isa = PBXFileReference; fileEncoding = 4; lastKnownFileType = sourcecode.swift; path = MOLHSizable.swift; sourceTree = "<group>"; };
		FA37EA1925740E4C0073CF0C /* MOLHFontLocalizableViews.swift */ = {isa = PBXFileReference; fileEncoding = 4; lastKnownFileType = sourcecode.swift; path = MOLHFontLocalizableViews.swift; sourceTree = "<group>"; };
		FA37EA1A25740E4C0073CF0C /* MOLHFont.swift */ = {isa = PBXFileReference; fileEncoding = 4; lastKnownFileType = sourcecode.swift; path = MOLHFont.swift; sourceTree = "<group>"; };
		FA37EA1D25740E4C0073CF0C /* Validation.swift */ = {isa = PBXFileReference; fileEncoding = 4; lastKnownFileType = sourcecode.swift; path = Validation.swift; sourceTree = "<group>"; };
		FA37EA1E25740E4C0073CF0C /* Utility.swift */ = {isa = PBXFileReference; fileEncoding = 4; lastKnownFileType = sourcecode.swift; path = Utility.swift; sourceTree = "<group>"; };
		FA37EA2025740E4C0073CF0C /* Constants.swift */ = {isa = PBXFileReference; fileEncoding = 4; lastKnownFileType = sourcecode.swift; path = Constants.swift; sourceTree = "<group>"; };
		FA37EA2225740E4C0073CF0C /* Enums.swift */ = {isa = PBXFileReference; fileEncoding = 4; lastKnownFileType = sourcecode.swift; path = Enums.swift; sourceTree = "<group>"; };
		FA37EA2425740E4C0073CF0C /* UIApplication+Extension.swift */ = {isa = PBXFileReference; fileEncoding = 4; lastKnownFileType = sourcecode.swift; path = "UIApplication+Extension.swift"; sourceTree = "<group>"; };
		FA37EA2525740E4C0073CF0C /* UIFont+Extension.swift */ = {isa = PBXFileReference; fileEncoding = 4; lastKnownFileType = sourcecode.swift; path = "UIFont+Extension.swift"; sourceTree = "<group>"; };
		FA37EA2625740E4C0073CF0C /* UIColor+Extension.swift */ = {isa = PBXFileReference; fileEncoding = 4; lastKnownFileType = sourcecode.swift; path = "UIColor+Extension.swift"; sourceTree = "<group>"; };
		FA37EA2725740E4C0073CF0C /* UIImageViewExtension.swift */ = {isa = PBXFileReference; fileEncoding = 4; lastKnownFileType = sourcecode.swift; path = UIImageViewExtension.swift; sourceTree = "<group>"; };
		FA37EA2825740E4C0073CF0C /* UIView+Extention.swift */ = {isa = PBXFileReference; fileEncoding = 4; lastKnownFileType = sourcecode.swift; path = "UIView+Extention.swift"; sourceTree = "<group>"; };
		FA37EA2925740E4C0073CF0C /* UILabel+Extension.swift */ = {isa = PBXFileReference; fileEncoding = 4; lastKnownFileType = sourcecode.swift; path = "UILabel+Extension.swift"; sourceTree = "<group>"; };
		FA37EA2A25740E4C0073CF0C /* UIButton+Extension.swift */ = {isa = PBXFileReference; fileEncoding = 4; lastKnownFileType = sourcecode.swift; path = "UIButton+Extension.swift"; sourceTree = "<group>"; };
		FA37EA2B25740E4C0073CF0C /* UIImage+Extension.swift */ = {isa = PBXFileReference; fileEncoding = 4; lastKnownFileType = sourcecode.swift; path = "UIImage+Extension.swift"; sourceTree = "<group>"; };
		FA37EA2C25740E4C0073CF0C /* UIViewController+Extension.swift */ = {isa = PBXFileReference; fileEncoding = 4; lastKnownFileType = sourcecode.swift; path = "UIViewController+Extension.swift"; sourceTree = "<group>"; };
		FA37EA2D25740E4C0073CF0C /* String+Extension.swift */ = {isa = PBXFileReference; fileEncoding = 4; lastKnownFileType = sourcecode.swift; path = "String+Extension.swift"; sourceTree = "<group>"; };
		FA37EA2E25740E4C0073CF0C /* Dictionary+Extension.swift */ = {isa = PBXFileReference; fileEncoding = 4; lastKnownFileType = sourcecode.swift; path = "Dictionary+Extension.swift"; sourceTree = "<group>"; };
		FA37EA2F25740E4C0073CF0C /* CLPlacemark+Extension.swift */ = {isa = PBXFileReference; fileEncoding = 4; lastKnownFileType = sourcecode.swift; path = "CLPlacemark+Extension.swift"; sourceTree = "<group>"; };
		FA37EA3025740E4C0073CF0C /* UITextField+Extension.swift */ = {isa = PBXFileReference; fileEncoding = 4; lastKnownFileType = sourcecode.swift; path = "UITextField+Extension.swift"; sourceTree = "<group>"; };
		FA37EA3225740E4C0073CF0C /* Singleton.swift */ = {isa = PBXFileReference; fileEncoding = 4; lastKnownFileType = sourcecode.swift; path = Singleton.swift; sourceTree = "<group>"; };
		FA37EA3425740E4C0073CF0C /* LanguageManager.swift */ = {isa = PBXFileReference; fileEncoding = 4; lastKnownFileType = sourcecode.swift; path = LanguageManager.swift; sourceTree = "<group>"; };
		FA37EA3525740E4C0073CF0C /* CustomLocale.swift */ = {isa = PBXFileReference; fileEncoding = 4; lastKnownFileType = sourcecode.swift; path = CustomLocale.swift; sourceTree = "<group>"; };
		FA37EA3725740E4C0073CF0C /* BaseController.swift */ = {isa = PBXFileReference; fileEncoding = 4; lastKnownFileType = sourcecode.swift; path = BaseController.swift; sourceTree = "<group>"; };
		FA37EA3825740E4C0073CF0C /* BaseNavigationController.swift */ = {isa = PBXFileReference; fileEncoding = 4; lastKnownFileType = sourcecode.swift; path = BaseNavigationController.swift; sourceTree = "<group>"; };
		FA37EA3C25740E4C0073CF0C /* ProjectStructs.swift */ = {isa = PBXFileReference; fileEncoding = 4; lastKnownFileType = sourcecode.swift; path = ProjectStructs.swift; sourceTree = "<group>"; };
		FA37EA3E25740E4C0073CF0C /* ProjectEnums.swift */ = {isa = PBXFileReference; fileEncoding = 4; lastKnownFileType = sourcecode.swift; path = ProjectEnums.swift; sourceTree = "<group>"; };
		FA37EA4025740E4C0073CF0C /* CustomLoader.swift */ = {isa = PBXFileReference; fileEncoding = 4; lastKnownFileType = sourcecode.swift; path = CustomLoader.swift; sourceTree = "<group>"; };
		FA37EA4225740E4C0073CF0C /* ButtonStates.swift */ = {isa = PBXFileReference; fileEncoding = 4; lastKnownFileType = sourcecode.swift; path = ButtonStates.swift; sourceTree = "<group>"; };
		FA37EA4325740E4C0073CF0C /* RoundedCorners.swift */ = {isa = PBXFileReference; fileEncoding = 4; lastKnownFileType = sourcecode.swift; path = RoundedCorners.swift; sourceTree = "<group>"; };
		FA37EA4525740E4C0073CF0C /* Greycliff-cf-regular.ttf */ = {isa = PBXFileReference; lastKnownFileType = file; path = "Greycliff-cf-regular.ttf"; sourceTree = "<group>"; };
		FA37EA4625740E4C0073CF0C /* Greycliff-cf-bold.ttf */ = {isa = PBXFileReference; lastKnownFileType = file; path = "Greycliff-cf-bold.ttf"; sourceTree = "<group>"; };
		FA37EA4725740E4C0073CF0C /* Greycliff-cf-medium.ttf */ = {isa = PBXFileReference; lastKnownFileType = file; path = "Greycliff-cf-medium.ttf"; sourceTree = "<group>"; };
		FA37EA4825740E4C0073CF0C /* Greycliff-cf-light.ttf */ = {isa = PBXFileReference; lastKnownFileType = file; path = "Greycliff-cf-light.ttf"; sourceTree = "<group>"; };
		FA37EA4A25740E4C0073CF0C /* APIManagerBase.swift */ = {isa = PBXFileReference; fileEncoding = 4; lastKnownFileType = sourcecode.swift; path = APIManagerBase.swift; sourceTree = "<group>"; };
		FA37EA4B25740E4C0073CF0C /* APIManager.swift */ = {isa = PBXFileReference; fileEncoding = 4; lastKnownFileType = sourcecode.swift; path = APIManager.swift; sourceTree = "<group>"; };
		FA37EA4D25740E4C0073CF0C /* UserAPIManager.swift */ = {isa = PBXFileReference; fileEncoding = 4; lastKnownFileType = sourcecode.swift; path = UserAPIManager.swift; sourceTree = "<group>"; };
		FA37EA4F25740E4C0073CF0C /* AppStateManager.swift */ = {isa = PBXFileReference; fileEncoding = 4; lastKnownFileType = sourcecode.swift; path = AppStateManager.swift; sourceTree = "<group>"; };
		FA37EA7F25740EAD0073CF0C /* Home.xib */ = {isa = PBXFileReference; fileEncoding = 4; lastKnownFileType = file.xib; path = Home.xib; sourceTree = "<group>"; };
		FA37EA8025740EAD0073CF0C /* Home.swift */ = {isa = PBXFileReference; fileEncoding = 4; lastKnownFileType = sourcecode.swift; path = Home.swift; sourceTree = "<group>"; };
		FA37EA8F25740EAD0073CF0C /* SideMenu.xib */ = {isa = PBXFileReference; fileEncoding = 4; lastKnownFileType = file.xib; path = SideMenu.xib; sourceTree = "<group>"; };
		FA37EA9025740EAD0073CF0C /* SideMenu.swift */ = {isa = PBXFileReference; fileEncoding = 4; lastKnownFileType = sourcecode.swift; path = SideMenu.swift; sourceTree = "<group>"; };
		FA37EA9225740EAD0073CF0C /* Notifications.swift */ = {isa = PBXFileReference; fileEncoding = 4; lastKnownFileType = sourcecode.swift; path = Notifications.swift; sourceTree = "<group>"; };
		FA37EA9325740EAD0073CF0C /* Notifications.xib */ = {isa = PBXFileReference; fileEncoding = 4; lastKnownFileType = file.xib; path = Notifications.xib; sourceTree = "<group>"; };
		FA37EA9525740EAD0073CF0C /* NotificationsTVC.xib */ = {isa = PBXFileReference; fileEncoding = 4; lastKnownFileType = file.xib; path = NotificationsTVC.xib; sourceTree = "<group>"; };
		FA37EA9625740EAD0073CF0C /* NotificationsTVC.swift */ = {isa = PBXFileReference; fileEncoding = 4; lastKnownFileType = sourcecode.swift; path = NotificationsTVC.swift; sourceTree = "<group>"; };
		FA37EA9B25740EAD0073CF0C /* ur */ = {isa = PBXFileReference; lastKnownFileType = text.plist.strings; name = ur; path = ur.lproj/Login.strings; sourceTree = "<group>"; };
		FA37EA9C25740EAD0073CF0C /* Login.swift */ = {isa = PBXFileReference; fileEncoding = 4; lastKnownFileType = sourcecode.swift; path = Login.swift; sourceTree = "<group>"; };
		FA37EA9E25740EAD0073CF0C /* Base */ = {isa = PBXFileReference; lastKnownFileType = file.xib; name = Base; path = Base.lproj/Login.xib; sourceTree = "<group>"; };
		FA37EAB5257429350073CF0C /* ForgotPassword.swift */ = {isa = PBXFileReference; lastKnownFileType = sourcecode.swift; path = ForgotPassword.swift; sourceTree = "<group>"; };
		FA37EAB6257429350073CF0C /* ForgotPassword.xib */ = {isa = PBXFileReference; lastKnownFileType = file.xib; path = ForgotPassword.xib; sourceTree = "<group>"; };
		FA37EAB9257432E10073CF0C /* SignUp.swift */ = {isa = PBXFileReference; lastKnownFileType = sourcecode.swift; path = SignUp.swift; sourceTree = "<group>"; };
		FA37EABA257432E10073CF0C /* SignUp.xib */ = {isa = PBXFileReference; lastKnownFileType = file.xib; path = SignUp.xib; sourceTree = "<group>"; };
		FA5225AA25802E6200C4FFD0 /* MyContractsTVC.swift */ = {isa = PBXFileReference; lastKnownFileType = sourcecode.swift; path = MyContractsTVC.swift; sourceTree = "<group>"; };
		FA5225AB25802E6200C4FFD0 /* MyContractsTVC.xib */ = {isa = PBXFileReference; lastKnownFileType = file.xib; path = MyContractsTVC.xib; sourceTree = "<group>"; };
		FA62D003257D6263000DCFDD /* AttributesAPIManager.swift */ = {isa = PBXFileReference; lastKnownFileType = sourcecode.swift; path = AttributesAPIManager.swift; sourceTree = "<group>"; };
		FA62D006257D716C000DCFDD /* MyContracts.swift */ = {isa = PBXFileReference; lastKnownFileType = sourcecode.swift; path = MyContracts.swift; sourceTree = "<group>"; };
		FA62D007257D716C000DCFDD /* MyContracts.xib */ = {isa = PBXFileReference; lastKnownFileType = file.xib; path = MyContracts.xib; sourceTree = "<group>"; };
		FA6B42402578F97500C6D106 /* AttributeModel.swift */ = {isa = PBXFileReference; lastKnownFileType = sourcecode.swift; path = AttributeModel.swift; sourceTree = "<group>"; };
		FA6B424325791ABD00C6D106 /* UserModel.swift */ = {isa = PBXFileReference; fileEncoding = 4; lastKnownFileType = sourcecode.swift; path = UserModel.swift; sourceTree = "<group>"; };
		FA6B424425791ABD00C6D106 /* CreatedByModel.swift */ = {isa = PBXFileReference; fileEncoding = 4; lastKnownFileType = sourcecode.swift; path = CreatedByModel.swift; sourceTree = "<group>"; };
		FA6B424525791ABE00C6D106 /* RoleId.swift */ = {isa = PBXFileReference; fileEncoding = 4; lastKnownFileType = sourcecode.swift; path = RoleId.swift; sourceTree = "<group>"; };
		FA6B424725791ABE00C6D106 /* UpdatedBy.swift */ = {isa = PBXFileReference; fileEncoding = 4; lastKnownFileType = sourcecode.swift; path = UpdatedBy.swift; sourceTree = "<group>"; };
		FA6B424825791ABE00C6D106 /* User.swift */ = {isa = PBXFileReference; fileEncoding = 4; lastKnownFileType = sourcecode.swift; path = User.swift; sourceTree = "<group>"; };
		FA6F0142258AA23400197BE4 /* DashboardTVC.swift */ = {isa = PBXFileReference; lastKnownFileType = sourcecode.swift; path = DashboardTVC.swift; sourceTree = "<group>"; };
		FA6F0143258AA23400197BE4 /* DashboardTVC.xib */ = {isa = PBXFileReference; lastKnownFileType = file.xib; path = DashboardTVC.xib; sourceTree = "<group>"; };
		FA880329258F63E400B7A0ED /* NotificationDataModel.swift */ = {isa = PBXFileReference; fileEncoding = 4; lastKnownFileType = sourcecode.swift; path = NotificationDataModel.swift; sourceTree = "<group>"; };
		FA88032A258F63E400B7A0ED /* NotificationsModel.swift */ = {isa = PBXFileReference; fileEncoding = 4; lastKnownFileType = sourcecode.swift; path = NotificationsModel.swift; sourceTree = "<group>"; };
		FA88032B258F63E500B7A0ED /* NotificationToModel.swift */ = {isa = PBXFileReference; fileEncoding = 4; lastKnownFileType = sourcecode.swift; path = NotificationToModel.swift; sourceTree = "<group>"; };
		FA88032C258F63E500B7A0ED /* NotificationFromModel.swift */ = {isa = PBXFileReference; fileEncoding = 4; lastKnownFileType = sourcecode.swift; path = NotificationFromModel.swift; sourceTree = "<group>"; };
		FA9DBD73258937FC0082A67C /* ShipperIdModel.swift */ = {isa = PBXFileReference; fileEncoding = 4; lastKnownFileType = sourcecode.swift; path = ShipperIdModel.swift; sourceTree = "<group>"; };
		FA9DBD74258937FD0082A67C /* RemarksMark.swift */ = {isa = PBXFileReference; fileEncoding = 4; lastKnownFileType = sourcecode.swift; path = RemarksMark.swift; sourceTree = "<group>"; };
		FA9DBD75258937FD0082A67C /* BookingDetailtModel.swift */ = {isa = PBXFileReference; fileEncoding = 4; lastKnownFileType = sourcecode.swift; path = BookingDetailtModel.swift; sourceTree = "<group>"; };
		FA9DBD76258937FD0082A67C /* TripsModel.swift */ = {isa = PBXFileReference; fileEncoding = 4; lastKnownFileType = sourcecode.swift; path = TripsModel.swift; sourceTree = "<group>"; };
		FAA9C846258D3E50005FC95C /* TripDetailTVC.swift */ = {isa = PBXFileReference; lastKnownFileType = sourcecode.swift; path = TripDetailTVC.swift; sourceTree = "<group>"; };
		FAA9C847258D3E50005FC95C /* TripDetailTVC.xib */ = {isa = PBXFileReference; lastKnownFileType = file.xib; path = TripDetailTVC.xib; sourceTree = "<group>"; };
		FAA9C84B258D4B45005FC95C /* MilesTVC.swift */ = {isa = PBXFileReference; lastKnownFileType = sourcecode.swift; path = MilesTVC.swift; sourceTree = "<group>"; };
		FAA9C84C258D4B45005FC95C /* MilesTVC.xib */ = {isa = PBXFileReference; lastKnownFileType = file.xib; path = MilesTVC.xib; sourceTree = "<group>"; };
		FAA9C850258D769B005FC95C /* TrackLocation.swift */ = {isa = PBXFileReference; lastKnownFileType = sourcecode.swift; path = TrackLocation.swift; sourceTree = "<group>"; };
		FAA9C851258D769B005FC95C /* TrackLocation.xib */ = {isa = PBXFileReference; lastKnownFileType = file.xib; path = TrackLocation.xib; sourceTree = "<group>"; };
		FAA9C856258D83C6005FC95C /* Reports.swift */ = {isa = PBXFileReference; lastKnownFileType = sourcecode.swift; path = Reports.swift; sourceTree = "<group>"; };
		FAA9C857258D83C6005FC95C /* Reports.xib */ = {isa = PBXFileReference; lastKnownFileType = file.xib; path = Reports.xib; sourceTree = "<group>"; };
		FAA9C85B258D8C2A005FC95C /* CMS.swift */ = {isa = PBXFileReference; lastKnownFileType = sourcecode.swift; path = CMS.swift; sourceTree = "<group>"; };
		FAA9C85C258D8C2A005FC95C /* CMS.xib */ = {isa = PBXFileReference; lastKnownFileType = file.xib; path = CMS.xib; sourceTree = "<group>"; };
		FAA9C860258D9172005FC95C /* ChangePassword.swift */ = {isa = PBXFileReference; lastKnownFileType = sourcecode.swift; path = ChangePassword.swift; sourceTree = "<group>"; };
		FAA9C861258D9172005FC95C /* ChangePassword.xib */ = {isa = PBXFileReference; lastKnownFileType = file.xib; path = ChangePassword.xib; sourceTree = "<group>"; };
		FABB36A32580B4870084BCCA /* ShipperApiManager.swift */ = {isa = PBXFileReference; lastKnownFileType = sourcecode.swift; path = ShipperApiManager.swift; sourceTree = "<group>"; };
		FACF6A742585A14E004D2C16 /* Bookings.swift */ = {isa = PBXFileReference; lastKnownFileType = sourcecode.swift; path = Bookings.swift; sourceTree = "<group>"; };
		FACF6A752585A14E004D2C16 /* Bookings.xib */ = {isa = PBXFileReference; lastKnownFileType = file.xib; path = Bookings.xib; sourceTree = "<group>"; };
		FAD70DBE258C0E2E00AACEDB /* BookingsCountModel.swift */ = {isa = PBXFileReference; fileEncoding = 4; lastKnownFileType = sourcecode.swift; path = BookingsCountModel.swift; sourceTree = "<group>"; };
		FAE067C9257AE6A2005E1C97 /* CardView.swift */ = {isa = PBXFileReference; fileEncoding = 4; lastKnownFileType = sourcecode.swift; path = CardView.swift; sourceTree = "<group>"; };
		FAE067CC257AF5EB005E1C97 /* MyAccount.swift */ = {isa = PBXFileReference; lastKnownFileType = sourcecode.swift; path = MyAccount.swift; sourceTree = "<group>"; };
		FAE067CD257AF5EB005E1C97 /* MyAccount.xib */ = {isa = PBXFileReference; lastKnownFileType = file.xib; path = MyAccount.xib; sourceTree = "<group>"; };
		FAEDA1FD2586607A00AD777F /* DropOffModel.swift */ = {isa = PBXFileReference; fileEncoding = 4; lastKnownFileType = sourcecode.swift; path = DropOffModel.swift; sourceTree = "<group>"; };
		FAEDA1FF2586607B00AD777F /* BookingModel.swift */ = {isa = PBXFileReference; fileEncoding = 4; lastKnownFileType = sourcecode.swift; path = BookingModel.swift; sourceTree = "<group>"; };
		FAEDA2002586607B00AD777F /* PickupModel.swift */ = {isa = PBXFileReference; fileEncoding = 4; lastKnownFileType = sourcecode.swift; path = PickupModel.swift; sourceTree = "<group>"; };
		FAEDA2072586607C00AD777F /* RemarksModel.swift */ = {isa = PBXFileReference; fileEncoding = 4; lastKnownFileType = sourcecode.swift; path = RemarksModel.swift; sourceTree = "<group>"; };
		FAEDA21625866DFD00AD777F /* Dashboard.swift */ = {isa = PBXFileReference; lastKnownFileType = sourcecode.swift; path = Dashboard.swift; sourceTree = "<group>"; };
		FAEDA21725866DFD00AD777F /* Dashboard.xib */ = {isa = PBXFileReference; lastKnownFileType = file.xib; path = Dashboard.xib; sourceTree = "<group>"; };
		FAEDA21B258672A900AD777F /* DashboardHeader.xib */ = {isa = PBXFileReference; lastKnownFileType = file.xib; path = DashboardHeader.xib; sourceTree = "<group>"; };
		FAEDA21D258672BC00AD777F /* DashboardHeader.swift */ = {isa = PBXFileReference; lastKnownFileType = sourcecode.swift; path = DashboardHeader.swift; sourceTree = "<group>"; };
		FAEDA22525869B8A00AD777F /* TitleHeader.xib */ = {isa = PBXFileReference; lastKnownFileType = file.xib; path = TitleHeader.xib; sourceTree = "<group>"; };
		FAEDA22725869B9600AD777F /* TitleHeader.swift */ = {isa = PBXFileReference; lastKnownFileType = sourcecode.swift; path = TitleHeader.swift; sourceTree = "<group>"; };
		FAEDA22A2586AF9600AD777F /* BookingsTVC.swift */ = {isa = PBXFileReference; lastKnownFileType = sourcecode.swift; path = BookingsTVC.swift; sourceTree = "<group>"; };
		FAEDA22B2586AF9600AD777F /* BookingsTVC.xib */ = {isa = PBXFileReference; lastKnownFileType = file.xib; path = BookingsTVC.xib; sourceTree = "<group>"; };
/* End PBXFileReference section */

/* Begin PBXFrameworksBuildPhase section */
		FA37E9F42574099A0073CF0C /* Frameworks */ = {
			isa = PBXFrameworksBuildPhase;
			buildActionMask = 2147483647;
			files = (
				FA294FD42587F23B00323EA2 /* WebKit.framework in Frameworks */,
				544F56C1EA857265523A6A2D /* Pods_TruckerShipper.framework in Frameworks */,
			);
			runOnlyForDeploymentPostprocessing = 0;
		};
/* End PBXFrameworksBuildPhase section */

/* Begin PBXGroup section */
		1635C3589FB1C7761869F7D2 /* Frameworks */ = {
			isa = PBXGroup;
			children = (
				FA294FD32587F23A00323EA2 /* WebKit.framework */,
				D5AC2E48790C561F507940FD /* Pods_TruckerShipper.framework */,
			);
			name = Frameworks;
			sourceTree = "<group>";
		};
		A6994547B68874FDCDF2F24E /* Pods */ = {
			isa = PBXGroup;
			children = (
				A132EE7F1F1B3B363015A156 /* Pods-TruckerShipper.debug.xcconfig */,
				C2C9B300DDD7FD3454D093B4 /* Pods-TruckerShipper.release.xcconfig */,
			);
			path = Pods;
			sourceTree = "<group>";
		};
		FA20008F25839AF500E14D36 /* LoadDetails */ = {
			isa = PBXGroup;
			children = (
				FA20009025839B1D00E14D36 /* LoadDetails.swift */,
				FA20009125839B1D00E14D36 /* LoadDetails.xib */,
			);
			path = LoadDetails;
			sourceTree = "<group>";
		};
		FA2000942583BB4F00E14D36 /* CalculatedRate */ = {
			isa = PBXGroup;
			children = (
				FA2000952583BB6800E14D36 /* CalculatedRate.swift */,
				FA2000962583BB6800E14D36 /* CalculatedRate.xib */,
			);
			path = CalculatedRate;
			sourceTree = "<group>";
		};
		FA2000992583DF7600E14D36 /* LoadRequest */ = {
			isa = PBXGroup;
			children = (
				FA20009A2583DF8E00E14D36 /* LoadRequest.swift */,
				FA20009B2583DF8F00E14D36 /* LoadRequest.xib */,
			);
			path = LoadRequest;
			sourceTree = "<group>";
		};
		FA294FBE2587C7F300323EA2 /* BookingDocuments */ = {
			isa = PBXGroup;
			children = (
				FA294FC52587CC1600323EA2 /* BookingDocumentTVC */,
				FA294FCF2587E76600323EA2 /* BookingDocuments */,
			);
			path = BookingDocuments;
			sourceTree = "<group>";
		};
		FA294FC52587CC1600323EA2 /* BookingDocumentTVC */ = {
			isa = PBXGroup;
			children = (
				FA294FC62587CD8600323EA2 /* BookingDocumentTVC.swift */,
				FA294FC72587CD8600323EA2 /* BookingDocumentTVC.xib */,
			);
			path = BookingDocumentTVC;
			sourceTree = "<group>";
		};
		FA294FCA2587E4FA00323EA2 /* WebView */ = {
			isa = PBXGroup;
			children = (
				FA294FCB2587E51C00323EA2 /* WebView.swift */,
				FA294FCC2587E51C00323EA2 /* WebView.xib */,
			);
			path = WebView;
			sourceTree = "<group>";
		};
		FA294FCF2587E76600323EA2 /* BookingDocuments */ = {
			isa = PBXGroup;
			children = (
				FA294FD02587E77400323EA2 /* BookingDocuments+Extension */,
				FA294FC12587CAFD00323EA2 /* BookingDocuments.swift */,
				FA294FC22587CAFD00323EA2 /* BookingDocuments.xib */,
			);
			path = BookingDocuments;
			sourceTree = "<group>";
		};
		FA294FD02587E77400323EA2 /* BookingDocuments+Extension */ = {
			isa = PBXGroup;
			children = (
				FA294FD12587E78700323EA2 /* BookingDocuments+Extension.swift */,
			);
			path = "BookingDocuments+Extension";
			sourceTree = "<group>";
		};
		FA294FD52587FB7F00323EA2 /* MyAccount+Extension */ = {
			isa = PBXGroup;
			children = (
				FA294FD62587FB9E00323EA2 /* MyAccount+Extension.swift */,
			);
			path = "MyAccount+Extension";
			sourceTree = "<group>";
		};
		FA294FD82588205C00323EA2 /* Trips */ = {
			isa = PBXGroup;
			children = (
				FA294FD92588209A00323EA2 /* Trips.swift */,
				FA294FDA2588209A00323EA2 /* Trips.xib */,
			);
			path = Trips;
			sourceTree = "<group>";
		};
		FA294FDD25882E1400323EA2 /* BookingDetailModel */ = {
			isa = PBXGroup;
			children = (
				FA9DBD75258937FD0082A67C /* BookingDetailtModel.swift */,
				FA9DBD74258937FD0082A67C /* RemarksMark.swift */,
				FA9DBD73258937FC0082A67C /* ShipperIdModel.swift */,
				FA9DBD76258937FD0082A67C /* TripsModel.swift */,
			);
			path = BookingDetailModel;
			sourceTree = "<group>";
		};
		FA294FFC258846A100323EA2 /* TripModel */ = {
			isa = PBXGroup;
			children = (
				FA295003258846B700323EA2 /* CrewIdModel.swift */,
				FA294FFD258846B600323EA2 /* DriverIdModel.swift */,
				FA295001258846B600323EA2 /* TripMilesModel.swift */,
				FA294FFF258846B600323EA2 /* TripModel.swift */,
				FA294FFE258846B600323EA2 /* VehicleIdModel.swift */,
			);
			path = TripModel;
			sourceTree = "<group>";
		};
		FA3298D72588CA8D00BA8C49 /* TripDetail */ = {
			isa = PBXGroup;
			children = (
				FAA9C845258D3E24005FC95C /* TripDetailTVC */,
				FAA9C84A258D49F5005FC95C /* MileTVC */,
				FA3298D82588CAB700BA8C49 /* TripDetail.swift */,
				FA3298D92588CAB700BA8C49 /* TripDetail.xib */,
			);
			path = TripDetail;
			sourceTree = "<group>";
		};
		FA37E9EE2574099A0073CF0C = {
			isa = PBXGroup;
			children = (
				FA37E9F92574099A0073CF0C /* TruckerShipper */,
				FA37E9F82574099A0073CF0C /* Products */,
				A6994547B68874FDCDF2F24E /* Pods */,
				1635C3589FB1C7761869F7D2 /* Frameworks */,
			);
			sourceTree = "<group>";
		};
		FA37E9F82574099A0073CF0C /* Products */ = {
			isa = PBXGroup;
			children = (
				FA37E9F72574099A0073CF0C /* TruckerShipper.app */,
			);
			name = Products;
			sourceTree = "<group>";
		};
		FA37E9F92574099A0073CF0C /* TruckerShipper */ = {
			isa = PBXGroup;
			children = (
				FA37EA0F25740C810073CF0C /* AppDelegate */,
				FA37EA1025740E4C0073CF0C /* Template Files */,
				FA37EA7B25740EAD0073CF0C /* Modules */,
				FA37EA0E25740C730073CF0C /* SupportingFiles */,
				FA37EA082574099D0073CF0C /* Info.plist */,
			);
			path = TruckerShipper;
			sourceTree = "<group>";
		};
		FA37EA0E25740C730073CF0C /* SupportingFiles */ = {
			isa = PBXGroup;
			children = (
				FA37EA052574099D0073CF0C /* LaunchScreen.storyboard */,
				FA37EA032574099D0073CF0C /* Assets.xcassets */,
			);
			path = SupportingFiles;
			sourceTree = "<group>";
		};
		FA37EA0F25740C810073CF0C /* AppDelegate */ = {
			isa = PBXGroup;
			children = (
				FA37E9FA2574099A0073CF0C /* AppDelegate.swift */,
			);
			path = AppDelegate;
			sourceTree = "<group>";
		};
		FA37EA1025740E4C0073CF0C /* Template Files */ = {
			isa = PBXGroup;
			children = (
				FA37EA1125740E4C0073CF0C /* Strings */,
				FAE067C8257AE6A2005E1C97 /* CardView */,
				FA37EA1325740E4C0073CF0C /* DynamicFonts */,
				FA37EA1525740E4C0073CF0C /* MOLH */,
				FA37EA1B25740E4C0073CF0C /* HelperClasses */,
				FA37EA3625740E4C0073CF0C /* BaseControllers */,
				FA37EA3B25740E4C0073CF0C /* ProjectStructs */,
				FA37EA3D25740E4C0073CF0C /* ProjectEnums */,
				FA37EA3F25740E4C0073CF0C /* CustomLoader */,
				FA37EA4125740E4C0073CF0C /* UICustomization */,
				FA37EA4425740E4C0073CF0C /* Fonts */,
				FA37EA4925740E4C0073CF0C /* Services */,
				FA37EA3925740E4C0073CF0C /* Models */,
			);
			path = "Template Files";
			sourceTree = "<group>";
		};
		FA37EA1125740E4C0073CF0C /* Strings */ = {
			isa = PBXGroup;
			children = (
				FA37EA1225740E4C0073CF0C /* Strings.swift */,
			);
			path = Strings;
			sourceTree = "<group>";
		};
		FA37EA1325740E4C0073CF0C /* DynamicFonts */ = {
			isa = PBXGroup;
			children = (
				FA37EA1425740E4C0073CF0C /* DynamicFonts.swift */,
			);
			path = DynamicFonts;
			sourceTree = "<group>";
		};
		FA37EA1525740E4C0073CF0C /* MOLH */ = {
			isa = PBXGroup;
			children = (
				FA37EA1625740E4C0073CF0C /* MOLHLanguage.swift */,
				FA37EA1725740E4C0073CF0C /* MOLH.swift */,
				FA37EA1825740E4C0073CF0C /* MOLHSizable.swift */,
				FA37EA1925740E4C0073CF0C /* MOLHFontLocalizableViews.swift */,
				FA37EA1A25740E4C0073CF0C /* MOLHFont.swift */,
			);
			path = MOLH;
			sourceTree = "<group>";
		};
		FA37EA1B25740E4C0073CF0C /* HelperClasses */ = {
			isa = PBXGroup;
			children = (
				FA37EA1C25740E4C0073CF0C /* Utility Functions */,
				FA37EA1F25740E4C0073CF0C /* Constants */,
				FA37EA2125740E4C0073CF0C /* Enums */,
				FA37EA2325740E4C0073CF0C /* Extensions */,
				FA37EA3125740E4C0073CF0C /* Singleton */,
			);
			path = HelperClasses;
			sourceTree = "<group>";
		};
		FA37EA1C25740E4C0073CF0C /* Utility Functions */ = {
			isa = PBXGroup;
			children = (
				FA37EA1D25740E4C0073CF0C /* Validation.swift */,
				FA37EA1E25740E4C0073CF0C /* Utility.swift */,
			);
			path = "Utility Functions";
			sourceTree = "<group>";
		};
		FA37EA1F25740E4C0073CF0C /* Constants */ = {
			isa = PBXGroup;
			children = (
				FA37EA2025740E4C0073CF0C /* Constants.swift */,
			);
			path = Constants;
			sourceTree = "<group>";
		};
		FA37EA2125740E4C0073CF0C /* Enums */ = {
			isa = PBXGroup;
			children = (
				FA37EA2225740E4C0073CF0C /* Enums.swift */,
			);
			path = Enums;
			sourceTree = "<group>";
		};
		FA37EA2325740E4C0073CF0C /* Extensions */ = {
			isa = PBXGroup;
			children = (
				FA37EA2425740E4C0073CF0C /* UIApplication+Extension.swift */,
				FA37EA2525740E4C0073CF0C /* UIFont+Extension.swift */,
				FA37EA2625740E4C0073CF0C /* UIColor+Extension.swift */,
				FA37EA2725740E4C0073CF0C /* UIImageViewExtension.swift */,
				FA37EA2825740E4C0073CF0C /* UIView+Extention.swift */,
				FA37EA2925740E4C0073CF0C /* UILabel+Extension.swift */,
				FA37EA2A25740E4C0073CF0C /* UIButton+Extension.swift */,
				FA37EA2B25740E4C0073CF0C /* UIImage+Extension.swift */,
				FA37EA2C25740E4C0073CF0C /* UIViewController+Extension.swift */,
				FA37EA2D25740E4C0073CF0C /* String+Extension.swift */,
				FA37EA2E25740E4C0073CF0C /* Dictionary+Extension.swift */,
				FA37EA2F25740E4C0073CF0C /* CLPlacemark+Extension.swift */,
				FA37EA3025740E4C0073CF0C /* UITextField+Extension.swift */,
			);
			path = Extensions;
			sourceTree = "<group>";
		};
		FA37EA3125740E4C0073CF0C /* Singleton */ = {
			isa = PBXGroup;
			children = (
				FA37EA3225740E4C0073CF0C /* Singleton.swift */,
				FA37EA3325740E4C0073CF0C /* Language Files */,
			);
			path = Singleton;
			sourceTree = "<group>";
		};
		FA37EA3325740E4C0073CF0C /* Language Files */ = {
			isa = PBXGroup;
			children = (
				FA37EA3425740E4C0073CF0C /* LanguageManager.swift */,
				FA37EA3525740E4C0073CF0C /* CustomLocale.swift */,
			);
			path = "Language Files";
			sourceTree = "<group>";
		};
		FA37EA3625740E4C0073CF0C /* BaseControllers */ = {
			isa = PBXGroup;
			children = (
				FA37EA3725740E4C0073CF0C /* BaseController.swift */,
				FA37EA3825740E4C0073CF0C /* BaseNavigationController.swift */,
			);
			path = BaseControllers;
			sourceTree = "<group>";
		};
		FA37EA3925740E4C0073CF0C /* Models */ = {
			isa = PBXGroup;
			children = (
				FA6B424225791AAB00C6D106 /* UserModel */,
				FA6B423F2578F95B00C6D106 /* AttributeModel */,
				FAEDA1FC2586606D00AD777F /* BookingModel */,
				FA294FDD25882E1400323EA2 /* BookingDetailModel */,
				FA294FFC258846A100323EA2 /* TripModel */,
				FAD70DBD258C0E1000AACEDB /* BookingsCountModel */,
				FA880328258F63CB00B7A0ED /* NotificationsModel */,
			);
			path = Models;
			sourceTree = "<group>";
		};
		FA37EA3B25740E4C0073CF0C /* ProjectStructs */ = {
			isa = PBXGroup;
			children = (
				FA37EA3C25740E4C0073CF0C /* ProjectStructs.swift */,
			);
			path = ProjectStructs;
			sourceTree = "<group>";
		};
		FA37EA3D25740E4C0073CF0C /* ProjectEnums */ = {
			isa = PBXGroup;
			children = (
				FA37EA3E25740E4C0073CF0C /* ProjectEnums.swift */,
			);
			path = ProjectEnums;
			sourceTree = "<group>";
		};
		FA37EA3F25740E4C0073CF0C /* CustomLoader */ = {
			isa = PBXGroup;
			children = (
				FA37EA4025740E4C0073CF0C /* CustomLoader.swift */,
			);
			path = CustomLoader;
			sourceTree = "<group>";
		};
		FA37EA4125740E4C0073CF0C /* UICustomization */ = {
			isa = PBXGroup;
			children = (
				FA37EA4225740E4C0073CF0C /* ButtonStates.swift */,
				FA37EA4325740E4C0073CF0C /* RoundedCorners.swift */,
			);
			path = UICustomization;
			sourceTree = "<group>";
		};
		FA37EA4425740E4C0073CF0C /* Fonts */ = {
			isa = PBXGroup;
			children = (
				FA37EA4525740E4C0073CF0C /* Greycliff-cf-regular.ttf */,
				FA37EA4625740E4C0073CF0C /* Greycliff-cf-bold.ttf */,
				FA37EA4725740E4C0073CF0C /* Greycliff-cf-medium.ttf */,
				FA37EA4825740E4C0073CF0C /* Greycliff-cf-light.ttf */,
			);
			path = Fonts;
			sourceTree = "<group>";
		};
		FA37EA4925740E4C0073CF0C /* Services */ = {
			isa = PBXGroup;
			children = (
				FA37EA4A25740E4C0073CF0C /* APIManagerBase.swift */,
				FA37EA4B25740E4C0073CF0C /* APIManager.swift */,
				FA37EA4C25740E4C0073CF0C /* APIModules */,
				FA37EA4E25740E4C0073CF0C /* AppStateManager */,
			);
			path = Services;
			sourceTree = "<group>";
		};
		FA37EA4C25740E4C0073CF0C /* APIModules */ = {
			isa = PBXGroup;
			children = (
				FA37EA4D25740E4C0073CF0C /* UserAPIManager.swift */,
				FA62D003257D6263000DCFDD /* AttributesAPIManager.swift */,
				FABB36A32580B4870084BCCA /* ShipperApiManager.swift */,
			);
			path = APIModules;
			sourceTree = "<group>";
		};
		FA37EA4E25740E4C0073CF0C /* AppStateManager */ = {
			isa = PBXGroup;
			children = (
				FA37EA4F25740E4C0073CF0C /* AppStateManager.swift */,
			);
			path = AppStateManager;
			sourceTree = "<group>";
		};
		FA37EA7B25740EAD0073CF0C /* Modules */ = {
			isa = PBXGroup;
			children = (
				FA37EA9725740EAD0073CF0C /* Login */,
				FA37EA7C25740EAD0073CF0C /* Home */,
			);
			path = Modules;
			sourceTree = "<group>";
		};
		FA37EA7C25740EAD0073CF0C /* Home */ = {
			isa = PBXGroup;
			children = (
				FA37EA7D25740EAD0073CF0C /* Controllers */,
			);
			path = Home;
			sourceTree = "<group>";
		};
		FA37EA7D25740EAD0073CF0C /* Controllers */ = {
			isa = PBXGroup;
			children = (
				FA37EA8E25740EAD0073CF0C /* SideMenu */,
				FAEDA21525866D6C00AD777F /* Dashboard */,
				FA37EA7E25740EAD0073CF0C /* Home */,
				FA20008F25839AF500E14D36 /* LoadDetails */,
				FA2000942583BB4F00E14D36 /* CalculatedRate */,
				FA2000992583DF7600E14D36 /* LoadRequest */,
				FA62D005257D713A000DCFDD /* MyContracts */,
				FACF6A732585A0D2004D2C16 /* Bookings */,
				FA294FD82588205C00323EA2 /* Trips */,
				FA3298D72588CA8D00BA8C49 /* TripDetail */,
				FAA9C84F258D6EE7005FC95C /* TrackLocation */,
				FA294FBE2587C7F300323EA2 /* BookingDocuments */,
				FA294FCA2587E4FA00323EA2 /* WebView */,
				FAE067CB257AF3A1005E1C97 /* MyAccount */,
				FAA9C854258D83A0005FC95C /* Reports */,
				FAA9C85A258D8BF5005FC95C /* CMS */,
				FA37EA9125740EAD0073CF0C /* Notifications */,
				FAA9C85F258D9155005FC95C /* ChangePassword */,
			);
			path = Controllers;
			sourceTree = "<group>";
		};
		FA37EA7E25740EAD0073CF0C /* Home */ = {
			isa = PBXGroup;
			children = (
				FA37EA7F25740EAD0073CF0C /* Home.xib */,
				FA37EA8025740EAD0073CF0C /* Home.swift */,
			);
			path = Home;
			sourceTree = "<group>";
		};
		FA37EA8E25740EAD0073CF0C /* SideMenu */ = {
			isa = PBXGroup;
			children = (
				FA37EA8F25740EAD0073CF0C /* SideMenu.xib */,
				FA37EA9025740EAD0073CF0C /* SideMenu.swift */,
			);
			path = SideMenu;
			sourceTree = "<group>";
		};
		FA37EA9125740EAD0073CF0C /* Notifications */ = {
			isa = PBXGroup;
			children = (
				FAEDA22425869B7900AD777F /* TitleHeader */,
				FA37EA9425740EAD0073CF0C /* TVC */,
				FA37EA9225740EAD0073CF0C /* Notifications.swift */,
				FA37EA9325740EAD0073CF0C /* Notifications.xib */,
			);
			path = Notifications;
			sourceTree = "<group>";
		};
		FA37EA9425740EAD0073CF0C /* TVC */ = {
			isa = PBXGroup;
			children = (
				FA37EA9525740EAD0073CF0C /* NotificationsTVC.xib */,
				FA37EA9625740EAD0073CF0C /* NotificationsTVC.swift */,
			);
			path = TVC;
			sourceTree = "<group>";
		};
		FA37EA9725740EAD0073CF0C /* Login */ = {
			isa = PBXGroup;
			children = (
				FA37EA9825740EAD0073CF0C /* Controllers */,
			);
			path = Login;
			sourceTree = "<group>";
		};
		FA37EA9825740EAD0073CF0C /* Controllers */ = {
			isa = PBXGroup;
			children = (
				FA37EABD257432E70073CF0C /* SignUp */,
				FA37EA9925740EAD0073CF0C /* Login */,
				FA37EAB2257428F20073CF0C /* ForgotPassword */,
			);
			path = Controllers;
			sourceTree = "<group>";
		};
		FA37EA9925740EAD0073CF0C /* Login */ = {
			isa = PBXGroup;
			children = (
				FA37EA9A25740EAD0073CF0C /* Login.strings */,
				FA37EA9C25740EAD0073CF0C /* Login.swift */,
				FA37EA9D25740EAD0073CF0C /* Login.xib */,
			);
			path = Login;
			sourceTree = "<group>";
		};
		FA37EAB2257428F20073CF0C /* ForgotPassword */ = {
			isa = PBXGroup;
			children = (
				FA37EAB5257429350073CF0C /* ForgotPassword.swift */,
				FA37EAB6257429350073CF0C /* ForgotPassword.xib */,
			);
			path = ForgotPassword;
			sourceTree = "<group>";
		};
		FA37EABD257432E70073CF0C /* SignUp */ = {
			isa = PBXGroup;
			children = (
				FA37EAB9257432E10073CF0C /* SignUp.swift */,
				FA37EABA257432E10073CF0C /* SignUp.xib */,
			);
			path = SignUp;
			sourceTree = "<group>";
		};
		FA5225A925802E4700C4FFD0 /* MyContractsTVC */ = {
			isa = PBXGroup;
			children = (
				FA5225AA25802E6200C4FFD0 /* MyContractsTVC.swift */,
				FA5225AB25802E6200C4FFD0 /* MyContractsTVC.xib */,
			);
			path = MyContractsTVC;
			sourceTree = "<group>";
		};
		FA62D005257D713A000DCFDD /* MyContracts */ = {
			isa = PBXGroup;
			children = (
				FA5225A925802E4700C4FFD0 /* MyContractsTVC */,
				FA62D006257D716C000DCFDD /* MyContracts.swift */,
				FA62D007257D716C000DCFDD /* MyContracts.xib */,
			);
			path = MyContracts;
			sourceTree = "<group>";
		};
		FA6B423F2578F95B00C6D106 /* AttributeModel */ = {
			isa = PBXGroup;
			children = (
				FA6B42402578F97500C6D106 /* AttributeModel.swift */,
			);
			path = AttributeModel;
			sourceTree = "<group>";
		};
		FA6B424225791AAB00C6D106 /* UserModel */ = {
			isa = PBXGroup;
			children = (
				FA6B424425791ABD00C6D106 /* CreatedByModel.swift */,
				FA6B424525791ABE00C6D106 /* RoleId.swift */,
				FA6B424725791ABE00C6D106 /* UpdatedBy.swift */,
				FA6B424825791ABE00C6D106 /* User.swift */,
				FA6B424325791ABD00C6D106 /* UserModel.swift */,
			);
			path = UserModel;
			sourceTree = "<group>";
		};
		FA6F0141258AA21800197BE4 /* DashboardTVC */ = {
			isa = PBXGroup;
			children = (
				FA6F0142258AA23400197BE4 /* DashboardTVC.swift */,
				FA6F0143258AA23400197BE4 /* DashboardTVC.xib */,
			);
			path = DashboardTVC;
			sourceTree = "<group>";
		};
		FA880328258F63CB00B7A0ED /* NotificationsModel */ = {
			isa = PBXGroup;
			children = (
				FA88032A258F63E400B7A0ED /* NotificationsModel.swift */,
				FA880329258F63E400B7A0ED /* NotificationDataModel.swift */,
				FA88032C258F63E500B7A0ED /* NotificationFromModel.swift */,
				FA88032B258F63E500B7A0ED /* NotificationToModel.swift */,
			);
			path = NotificationsModel;
			sourceTree = "<group>";
		};
		FAA9C845258D3E24005FC95C /* TripDetailTVC */ = {
			isa = PBXGroup;
			children = (
				FAA9C846258D3E50005FC95C /* TripDetailTVC.swift */,
				FAA9C847258D3E50005FC95C /* TripDetailTVC.xib */,
			);
			path = TripDetailTVC;
			sourceTree = "<group>";
		};
		FAA9C84A258D49F5005FC95C /* MileTVC */ = {
			isa = PBXGroup;
			children = (
				FAA9C84B258D4B45005FC95C /* MilesTVC.swift */,
				FAA9C84C258D4B45005FC95C /* MilesTVC.xib */,
			);
			path = MileTVC;
			sourceTree = "<group>";
		};
		FAA9C84F258D6EE7005FC95C /* TrackLocation */ = {
			isa = PBXGroup;
			children = (
				FAA9C850258D769B005FC95C /* TrackLocation.swift */,
				FAA9C851258D769B005FC95C /* TrackLocation.xib */,
			);
			path = TrackLocation;
			sourceTree = "<group>";
		};
		FAA9C854258D83A0005FC95C /* Reports */ = {
			isa = PBXGroup;
			children = (
				FAA9C856258D83C6005FC95C /* Reports.swift */,
				FAA9C857258D83C6005FC95C /* Reports.xib */,
			);
			path = Reports;
			sourceTree = "<group>";
		};
		FAA9C85A258D8BF5005FC95C /* CMS */ = {
			isa = PBXGroup;
			children = (
				FAA9C85B258D8C2A005FC95C /* CMS.swift */,
				FAA9C85C258D8C2A005FC95C /* CMS.xib */,
			);
			path = CMS;
			sourceTree = "<group>";
		};
		FAA9C85F258D9155005FC95C /* ChangePassword */ = {
			isa = PBXGroup;
			children = (
				FAA9C860258D9172005FC95C /* ChangePassword.swift */,
				FAA9C861258D9172005FC95C /* ChangePassword.xib */,
			);
			path = ChangePassword;
			sourceTree = "<group>";
		};
		FACF6A732585A0D2004D2C16 /* Bookings */ = {
			isa = PBXGroup;
			children = (
				FAEDA2292586AF7D00AD777F /* BookingsTVC */,
				FACF6A742585A14E004D2C16 /* Bookings.swift */,
				FACF6A752585A14E004D2C16 /* Bookings.xib */,
			);
			path = Bookings;
			sourceTree = "<group>";
		};
		FAD70DBD258C0E1000AACEDB /* BookingsCountModel */ = {
			isa = PBXGroup;
			children = (
				FAD70DBE258C0E2E00AACEDB /* BookingsCountModel.swift */,
			);
			path = BookingsCountModel;
			sourceTree = "<group>";
		};
		FAE067C8257AE6A2005E1C97 /* CardView */ = {
			isa = PBXGroup;
			children = (
				FAE067C9257AE6A2005E1C97 /* CardView.swift */,
			);
			path = CardView;
			sourceTree = "<group>";
		};
		FAE067CB257AF3A1005E1C97 /* MyAccount */ = {
			isa = PBXGroup;
			children = (
				FA294FD52587FB7F00323EA2 /* MyAccount+Extension */,
				FAE067CC257AF5EB005E1C97 /* MyAccount.swift */,
				FAE067CD257AF5EB005E1C97 /* MyAccount.xib */,
			);
			path = MyAccount;
			sourceTree = "<group>";
		};
		FAEDA1FC2586606D00AD777F /* BookingModel */ = {
			isa = PBXGroup;
			children = (
				FAEDA1FF2586607B00AD777F /* BookingModel.swift */,
				FAEDA1FD2586607A00AD777F /* DropOffModel.swift */,
				FAEDA2002586607B00AD777F /* PickupModel.swift */,
				FAEDA2072586607C00AD777F /* RemarksModel.swift */,
				FA294FBC2587BE2500323EA2 /* DocumentModel.swift */,
			);
			path = BookingModel;
			sourceTree = "<group>";
		};
		FAEDA21525866D6C00AD777F /* Dashboard */ = {
			isa = PBXGroup;
			children = (
				FA6F0141258AA21800197BE4 /* DashboardTVC */,
				FAEDA21A2586719600AD777F /* DashboardHeader */,
				FAEDA21625866DFD00AD777F /* Dashboard.swift */,
				FAEDA21725866DFD00AD777F /* Dashboard.xib */,
			);
			path = Dashboard;
			sourceTree = "<group>";
		};
		FAEDA21A2586719600AD777F /* DashboardHeader */ = {
			isa = PBXGroup;
			children = (
				FAEDA21B258672A900AD777F /* DashboardHeader.xib */,
				FAEDA21D258672BC00AD777F /* DashboardHeader.swift */,
			);
			path = DashboardHeader;
			sourceTree = "<group>";
		};
		FAEDA22425869B7900AD777F /* TitleHeader */ = {
			isa = PBXGroup;
			children = (
				FAEDA22525869B8A00AD777F /* TitleHeader.xib */,
				FAEDA22725869B9600AD777F /* TitleHeader.swift */,
			);
			path = TitleHeader;
			sourceTree = "<group>";
		};
		FAEDA2292586AF7D00AD777F /* BookingsTVC */ = {
			isa = PBXGroup;
			children = (
				FAEDA22A2586AF9600AD777F /* BookingsTVC.swift */,
				FAEDA22B2586AF9600AD777F /* BookingsTVC.xib */,
			);
			path = BookingsTVC;
			sourceTree = "<group>";
		};
/* End PBXGroup section */

/* Begin PBXNativeTarget section */
		FA37E9F62574099A0073CF0C /* TruckerShipper */ = {
			isa = PBXNativeTarget;
			buildConfigurationList = FA37EA0B2574099D0073CF0C /* Build configuration list for PBXNativeTarget "TruckerShipper" */;
			buildPhases = (
				08E5564924FC2E4F3C760CCE /* [CP] Check Pods Manifest.lock */,
				FA37E9F32574099A0073CF0C /* Sources */,
				FA37E9F42574099A0073CF0C /* Frameworks */,
				FA37E9F52574099A0073CF0C /* Resources */,
				BF519B177FBDF25645C5FF7A /* [CP] Embed Pods Frameworks */,
				7A6FB6D2A97049092D9B9E39 /* [CP] Copy Pods Resources */,
			);
			buildRules = (
			);
			dependencies = (
			);
			name = TruckerShipper;
			productName = TruckerShipper;
			productReference = FA37E9F72574099A0073CF0C /* TruckerShipper.app */;
			productType = "com.apple.product-type.application";
		};
/* End PBXNativeTarget section */

/* Begin PBXProject section */
		FA37E9EF2574099A0073CF0C /* Project object */ = {
			isa = PBXProject;
			attributes = {
				LastSwiftUpdateCheck = 1160;
				LastUpgradeCheck = 1160;
				ORGANIZATIONNAME = "Mac Book";
				TargetAttributes = {
					FA37E9F62574099A0073CF0C = {
						CreatedOnToolsVersion = 11.6;
					};
				};
			};
			buildConfigurationList = FA37E9F22574099A0073CF0C /* Build configuration list for PBXProject "TruckerShipper" */;
			compatibilityVersion = "Xcode 9.3";
			developmentRegion = en;
			hasScannedForEncodings = 0;
			knownRegions = (
				en,
				Base,
				ur,
			);
			mainGroup = FA37E9EE2574099A0073CF0C;
			productRefGroup = FA37E9F82574099A0073CF0C /* Products */;
			projectDirPath = "";
			projectRoot = "";
			targets = (
				FA37E9F62574099A0073CF0C /* TruckerShipper */,
			);
		};
/* End PBXProject section */

/* Begin PBXResourcesBuildPhase section */
		FA37E9F52574099A0073CF0C /* Resources */ = {
			isa = PBXResourcesBuildPhase;
			buildActionMask = 2147483647;
			files = (
				FAA9C859258D83C6005FC95C /* Reports.xib in Resources */,
				FA20009325839B1D00E14D36 /* LoadDetails.xib in Resources */,
				FA37EAAD25740EAD0073CF0C /* NotificationsTVC.xib in Resources */,
				FA294FDC2588209A00323EA2 /* Trips.xib in Resources */,
				FA37EA7425740E4C0073CF0C /* Greycliff-cf-bold.ttf in Resources */,
				FA37EA7325740E4C0073CF0C /* Greycliff-cf-regular.ttf in Resources */,
				FA37EAB125740EAE0073CF0C /* Login.xib in Resources */,
				FA37EA9F25740EAD0073CF0C /* Home.xib in Resources */,
				FAE067CF257AF5EB005E1C97 /* MyAccount.xib in Resources */,
				FA37EAA925740EAD0073CF0C /* SideMenu.xib in Resources */,
				FA294FC42587CAFD00323EA2 /* BookingDocuments.xib in Resources */,
				FA37EA072574099D0073CF0C /* LaunchScreen.storyboard in Resources */,
				FA37EAAC25740EAD0073CF0C /* Notifications.xib in Resources */,
				FAEDA21C258672A900AD777F /* DashboardHeader.xib in Resources */,
				FA37EAB8257429350073CF0C /* ForgotPassword.xib in Resources */,
				FAA9C85E258D8C2B005FC95C /* CMS.xib in Resources */,
				FAEDA21925866DFD00AD777F /* Dashboard.xib in Resources */,
				FA2000982583BB6800E14D36 /* CalculatedRate.xib in Resources */,
				FA37EABC257432E10073CF0C /* SignUp.xib in Resources */,
				FA20009D2583DF8F00E14D36 /* LoadRequest.xib in Resources */,
				FAA9C863258D9172005FC95C /* ChangePassword.xib in Resources */,
				FA294FCE2587E51C00323EA2 /* WebView.xib in Resources */,
				FA294FC92587CD8600323EA2 /* BookingDocumentTVC.xib in Resources */,
				FAA9C853258D769B005FC95C /* TrackLocation.xib in Resources */,
				FA62D009257D716C000DCFDD /* MyContracts.xib in Resources */,
				FA6F0145258AA23400197BE4 /* DashboardTVC.xib in Resources */,
				FA3298DB2588CAB700BA8C49 /* TripDetail.xib in Resources */,
				FA37EA7525740E4C0073CF0C /* Greycliff-cf-medium.ttf in Resources */,
				FA37EA7625740E4C0073CF0C /* Greycliff-cf-light.ttf in Resources */,
				FAEDA22625869B8A00AD777F /* TitleHeader.xib in Resources */,
				FACF6A772585A14E004D2C16 /* Bookings.xib in Resources */,
				FAA9C849258D3E50005FC95C /* TripDetailTVC.xib in Resources */,
				FA37EAAF25740EAE0073CF0C /* Login.strings in Resources */,
				FAA9C84E258D4B45005FC95C /* MilesTVC.xib in Resources */,
				FA37EA042574099D0073CF0C /* Assets.xcassets in Resources */,
				FAEDA22D2586AF9600AD777F /* BookingsTVC.xib in Resources */,
				FA5225AD25802E6200C4FFD0 /* MyContractsTVC.xib in Resources */,
			);
			runOnlyForDeploymentPostprocessing = 0;
		};
/* End PBXResourcesBuildPhase section */

/* Begin PBXShellScriptBuildPhase section */
		08E5564924FC2E4F3C760CCE /* [CP] Check Pods Manifest.lock */ = {
			isa = PBXShellScriptBuildPhase;
			buildActionMask = 2147483647;
			files = (
			);
			inputFileListPaths = (
			);
			inputPaths = (
				"${PODS_PODFILE_DIR_PATH}/Podfile.lock",
				"${PODS_ROOT}/Manifest.lock",
			);
			name = "[CP] Check Pods Manifest.lock";
			outputFileListPaths = (
			);
			outputPaths = (
				"$(DERIVED_FILE_DIR)/Pods-TruckerShipper-checkManifestLockResult.txt",
			);
			runOnlyForDeploymentPostprocessing = 0;
			shellPath = /bin/sh;
			shellScript = "diff \"${PODS_PODFILE_DIR_PATH}/Podfile.lock\" \"${PODS_ROOT}/Manifest.lock\" > /dev/null\nif [ $? != 0 ] ; then\n    # print error to STDERR\n    echo \"error: The sandbox is not in sync with the Podfile.lock. Run 'pod install' or update your CocoaPods installation.\" >&2\n    exit 1\nfi\n# This output is used by Xcode 'outputs' to avoid re-running this script phase.\necho \"SUCCESS\" > \"${SCRIPT_OUTPUT_FILE_0}\"\n";
			showEnvVarsInLog = 0;
		};
		7A6FB6D2A97049092D9B9E39 /* [CP] Copy Pods Resources */ = {
			isa = PBXShellScriptBuildPhase;
			buildActionMask = 2147483647;
			files = (
			);
			inputFileListPaths = (
				"${PODS_ROOT}/Target Support Files/Pods-TruckerShipper/Pods-TruckerShipper-resources-${CONFIGURATION}-input-files.xcfilelist",
			);
			name = "[CP] Copy Pods Resources";
			outputFileListPaths = (
				"${PODS_ROOT}/Target Support Files/Pods-TruckerShipper/Pods-TruckerShipper-resources-${CONFIGURATION}-output-files.xcfilelist",
			);
			runOnlyForDeploymentPostprocessing = 0;
			shellPath = /bin/sh;
			shellScript = "\"${PODS_ROOT}/Target Support Files/Pods-TruckerShipper/Pods-TruckerShipper-resources.sh\"\n";
			showEnvVarsInLog = 0;
		};
		BF519B177FBDF25645C5FF7A /* [CP] Embed Pods Frameworks */ = {
			isa = PBXShellScriptBuildPhase;
			buildActionMask = 2147483647;
			files = (
			);
			inputFileListPaths = (
				"${PODS_ROOT}/Target Support Files/Pods-TruckerShipper/Pods-TruckerShipper-frameworks-${CONFIGURATION}-input-files.xcfilelist",
			);
			name = "[CP] Embed Pods Frameworks";
			outputFileListPaths = (
				"${PODS_ROOT}/Target Support Files/Pods-TruckerShipper/Pods-TruckerShipper-frameworks-${CONFIGURATION}-output-files.xcfilelist",
			);
			runOnlyForDeploymentPostprocessing = 0;
			shellPath = /bin/sh;
			shellScript = "\"${PODS_ROOT}/Target Support Files/Pods-TruckerShipper/Pods-TruckerShipper-frameworks.sh\"\n";
			showEnvVarsInLog = 0;
		};
/* End PBXShellScriptBuildPhase section */

/* Begin PBXSourcesBuildPhase section */
		FA37E9F32574099A0073CF0C /* Sources */ = {
			isa = PBXSourcesBuildPhase;
			buildActionMask = 2147483647;
			files = (
				FA37EAB025740EAE0073CF0C /* Login.swift in Sources */,
				FA37EA5C25740E4C0073CF0C /* UIFont+Extension.swift in Sources */,
				FA294FDB2588209A00323EA2 /* Trips.swift in Sources */,
				FA37EAAB25740EAD0073CF0C /* Notifications.swift in Sources */,
				FA2000972583BB6800E14D36 /* CalculatedRate.swift in Sources */,
				FA62D008257D716C000DCFDD /* MyContracts.swift in Sources */,
				FA37EA5825740E4C0073CF0C /* Utility.swift in Sources */,
				FA37EAA025740EAD0073CF0C /* Home.swift in Sources */,
				FA37EA6B25740E4C0073CF0C /* BaseController.swift in Sources */,
				FA37EA5F25740E4C0073CF0C /* UIView+Extention.swift in Sources */,
				FACF6A762585A14E004D2C16 /* Bookings.swift in Sources */,
				FAEDA21E258672BC00AD777F /* DashboardHeader.swift in Sources */,
				FAEDA20B2586607C00AD777F /* BookingModel.swift in Sources */,
				FA37EA5925740E4C0073CF0C /* Constants.swift in Sources */,
				FA37EA6125740E4C0073CF0C /* UIButton+Extension.swift in Sources */,
				FAE067CE257AF5EB005E1C97 /* MyAccount.swift in Sources */,
				FA37EAAE25740EAD0073CF0C /* NotificationsTVC.swift in Sources */,
				FA37EA7925740E4C0073CF0C /* UserAPIManager.swift in Sources */,
				FA88032F258F63E500B7A0ED /* NotificationToModel.swift in Sources */,
				FA37EA7725740E4C0073CF0C /* APIManagerBase.swift in Sources */,
				FA295005258846B700323EA2 /* VehicleIdModel.swift in Sources */,
				FA62D004257D6263000DCFDD /* AttributesAPIManager.swift in Sources */,
				FA37EA6825740E4C0073CF0C /* Singleton.swift in Sources */,
				FA6F0144258AA23400197BE4 /* DashboardTVC.swift in Sources */,
				FA37EA7125740E4C0073CF0C /* ButtonStates.swift in Sources */,
				FA37EA5625740E4C0073CF0C /* MOLHFont.swift in Sources */,
				FA37EA6C25740E4C0073CF0C /* BaseNavigationController.swift in Sources */,
				FAA9C858258D83C6005FC95C /* Reports.swift in Sources */,
				FAA9C862258D9172005FC95C /* ChangePassword.swift in Sources */,
				FA37EABB257432E10073CF0C /* SignUp.swift in Sources */,
				FA37EAAA25740EAD0073CF0C /* SideMenu.swift in Sources */,
				FA6B424A25791ABE00C6D106 /* UserModel.swift in Sources */,
				FA88032D258F63E500B7A0ED /* NotificationDataModel.swift in Sources */,
				FA9DBD78258937FD0082A67C /* RemarksMark.swift in Sources */,
				FA3298DA2588CAB700BA8C49 /* TripDetail.swift in Sources */,
				FA294FD72587FB9E00323EA2 /* MyAccount+Extension.swift in Sources */,
				FA37EA5425740E4C0073CF0C /* MOLHSizable.swift in Sources */,
				FA37EA6225740E4C0073CF0C /* UIImage+Extension.swift in Sources */,
				FA294FD22587E78700323EA2 /* BookingDocuments+Extension.swift in Sources */,
				FA6B42412578F97500C6D106 /* AttributeModel.swift in Sources */,
				FA294FBD2587BE2500323EA2 /* DocumentModel.swift in Sources */,
				FA6B424B25791ABE00C6D106 /* CreatedByModel.swift in Sources */,
				FAEDA22C2586AF9600AD777F /* BookingsTVC.swift in Sources */,
				FA37EA5025740E4C0073CF0C /* Strings.swift in Sources */,
				FA295006258846B700323EA2 /* TripModel.swift in Sources */,
				FA37EA5325740E4C0073CF0C /* MOLH.swift in Sources */,
				FAA9C848258D3E50005FC95C /* TripDetailTVC.swift in Sources */,
				FA37EA6725740E4C0073CF0C /* UITextField+Extension.swift in Sources */,
				FA37EA6025740E4C0073CF0C /* UILabel+Extension.swift in Sources */,
				FA9DBD77258937FD0082A67C /* ShipperIdModel.swift in Sources */,
				FABB36A42580B4870084BCCA /* ShipperApiManager.swift in Sources */,
				FA6B424C25791ABE00C6D106 /* RoleId.swift in Sources */,
				FA37EA7225740E4C0073CF0C /* RoundedCorners.swift in Sources */,
				FA20009C2583DF8F00E14D36 /* LoadRequest.swift in Sources */,
				FA5225AC25802E6200C4FFD0 /* MyContractsTVC.swift in Sources */,
				FAEDA22825869B9600AD777F /* TitleHeader.swift in Sources */,
				FA37EA5725740E4C0073CF0C /* Validation.swift in Sources */,
				FA294FCD2587E51C00323EA2 /* WebView.swift in Sources */,
				FA29500A258846B700323EA2 /* CrewIdModel.swift in Sources */,
				FAA9C84D258D4B45005FC95C /* MilesTVC.swift in Sources */,
				FA37EA6525740E4C0073CF0C /* Dictionary+Extension.swift in Sources */,
				FA37EA7825740E4C0073CF0C /* APIManager.swift in Sources */,
				FA20009225839B1D00E14D36 /* LoadDetails.swift in Sources */,
				FA88032E258F63E500B7A0ED /* NotificationsModel.swift in Sources */,
				FA6B424E25791ABE00C6D106 /* UpdatedBy.swift in Sources */,
				FAA9C852258D769B005FC95C /* TrackLocation.swift in Sources */,
				FA9DBD79258937FD0082A67C /* BookingDetailtModel.swift in Sources */,
				FA37EA7025740E4C0073CF0C /* CustomLoader.swift in Sources */,
				FA294FC82587CD8600323EA2 /* BookingDocumentTVC.swift in Sources */,
				FAA9C85D258D8C2B005FC95C /* CMS.swift in Sources */,
				FA37EA6925740E4C0073CF0C /* LanguageManager.swift in Sources */,
				FAEDA20C2586607C00AD777F /* PickupModel.swift in Sources */,
				FA37EA6625740E4C0073CF0C /* CLPlacemark+Extension.swift in Sources */,
				FAEDA2132586607C00AD777F /* RemarksModel.swift in Sources */,
				FA37EA6425740E4C0073CF0C /* String+Extension.swift in Sources */,
				FA37EA5225740E4C0073CF0C /* MOLHLanguage.swift in Sources */,
				FA880330258F63E500B7A0ED /* NotificationFromModel.swift in Sources */,
				FA37EA5D25740E4C0073CF0C /* UIColor+Extension.swift in Sources */,
				FA295008258846B700323EA2 /* TripMilesModel.swift in Sources */,
				FAD70DBF258C0E2E00AACEDB /* BookingsCountModel.swift in Sources */,
				FA37EA7A25740E4C0073CF0C /* AppStateManager.swift in Sources */,
				FA37EA5125740E4C0073CF0C /* DynamicFonts.swift in Sources */,
				FAEDA21825866DFD00AD777F /* Dashboard.swift in Sources */,
				FA37EA5525740E4C0073CF0C /* MOLHFontLocalizableViews.swift in Sources */,
				FA37EA5A25740E4C0073CF0C /* Enums.swift in Sources */,
				FA37E9FB2574099A0073CF0C /* AppDelegate.swift in Sources */,
				FAE067CA257AE6A2005E1C97 /* CardView.swift in Sources */,
				FA37EA6A25740E4C0073CF0C /* CustomLocale.swift in Sources */,
				FA37EA6325740E4C0073CF0C /* UIViewController+Extension.swift in Sources */,
				FA9DBD7A258937FD0082A67C /* TripsModel.swift in Sources */,
				FA37EA5E25740E4C0073CF0C /* UIImageViewExtension.swift in Sources */,
				FA37EA6E25740E4C0073CF0C /* ProjectStructs.swift in Sources */,
				FA295004258846B700323EA2 /* DriverIdModel.swift in Sources */,
				FA294FC32587CAFD00323EA2 /* BookingDocuments.swift in Sources */,
				FA37EA6F25740E4C0073CF0C /* ProjectEnums.swift in Sources */,
				FA37EA5B25740E4C0073CF0C /* UIApplication+Extension.swift in Sources */,
				FA37EAB7257429350073CF0C /* ForgotPassword.swift in Sources */,
				FAEDA2092586607C00AD777F /* DropOffModel.swift in Sources */,
				FA6B424F25791ABE00C6D106 /* User.swift in Sources */,
			);
			runOnlyForDeploymentPostprocessing = 0;
		};
/* End PBXSourcesBuildPhase section */

/* Begin PBXVariantGroup section */
		FA37EA052574099D0073CF0C /* LaunchScreen.storyboard */ = {
			isa = PBXVariantGroup;
			children = (
				FA37EA062574099D0073CF0C /* Base */,
			);
			name = LaunchScreen.storyboard;
			sourceTree = "<group>";
		};
		FA37EA9A25740EAD0073CF0C /* Login.strings */ = {
			isa = PBXVariantGroup;
			children = (
				FA37EA9B25740EAD0073CF0C /* ur */,
			);
			name = Login.strings;
			sourceTree = "<group>";
		};
		FA37EA9D25740EAD0073CF0C /* Login.xib */ = {
			isa = PBXVariantGroup;
			children = (
				FA37EA9E25740EAD0073CF0C /* Base */,
			);
			name = Login.xib;
			sourceTree = "<group>";
		};
/* End PBXVariantGroup section */

/* Begin XCBuildConfiguration section */
		FA37EA092574099D0073CF0C /* Debug */ = {
			isa = XCBuildConfiguration;
			buildSettings = {
				ALWAYS_SEARCH_USER_PATHS = NO;
				CLANG_ANALYZER_NONNULL = YES;
				CLANG_ANALYZER_NUMBER_OBJECT_CONVERSION = YES_AGGRESSIVE;
				CLANG_CXX_LANGUAGE_STANDARD = "gnu++14";
				CLANG_CXX_LIBRARY = "libc++";
				CLANG_ENABLE_MODULES = YES;
				CLANG_ENABLE_OBJC_ARC = YES;
				CLANG_ENABLE_OBJC_WEAK = YES;
				CLANG_WARN_BLOCK_CAPTURE_AUTORELEASING = YES;
				CLANG_WARN_BOOL_CONVERSION = YES;
				CLANG_WARN_COMMA = YES;
				CLANG_WARN_CONSTANT_CONVERSION = YES;
				CLANG_WARN_DEPRECATED_OBJC_IMPLEMENTATIONS = YES;
				CLANG_WARN_DIRECT_OBJC_ISA_USAGE = YES_ERROR;
				CLANG_WARN_DOCUMENTATION_COMMENTS = YES;
				CLANG_WARN_EMPTY_BODY = YES;
				CLANG_WARN_ENUM_CONVERSION = YES;
				CLANG_WARN_INFINITE_RECURSION = YES;
				CLANG_WARN_INT_CONVERSION = YES;
				CLANG_WARN_NON_LITERAL_NULL_CONVERSION = YES;
				CLANG_WARN_OBJC_IMPLICIT_RETAIN_SELF = YES;
				CLANG_WARN_OBJC_LITERAL_CONVERSION = YES;
				CLANG_WARN_OBJC_ROOT_CLASS = YES_ERROR;
				CLANG_WARN_RANGE_LOOP_ANALYSIS = YES;
				CLANG_WARN_STRICT_PROTOTYPES = YES;
				CLANG_WARN_SUSPICIOUS_MOVE = YES;
				CLANG_WARN_UNGUARDED_AVAILABILITY = YES_AGGRESSIVE;
				CLANG_WARN_UNREACHABLE_CODE = YES;
				CLANG_WARN__DUPLICATE_METHOD_MATCH = YES;
				COPY_PHASE_STRIP = NO;
				DEBUG_INFORMATION_FORMAT = dwarf;
				ENABLE_STRICT_OBJC_MSGSEND = YES;
				ENABLE_TESTABILITY = YES;
				GCC_C_LANGUAGE_STANDARD = gnu11;
				GCC_DYNAMIC_NO_PIC = NO;
				GCC_NO_COMMON_BLOCKS = YES;
				GCC_OPTIMIZATION_LEVEL = 0;
				GCC_PREPROCESSOR_DEFINITIONS = (
					"DEBUG=1",
					"$(inherited)",
				);
				GCC_WARN_64_TO_32_BIT_CONVERSION = YES;
				GCC_WARN_ABOUT_RETURN_TYPE = YES_ERROR;
				GCC_WARN_UNDECLARED_SELECTOR = YES;
				GCC_WARN_UNINITIALIZED_AUTOS = YES_AGGRESSIVE;
				GCC_WARN_UNUSED_FUNCTION = YES;
				GCC_WARN_UNUSED_VARIABLE = YES;
				IPHONEOS_DEPLOYMENT_TARGET = 13.6;
				MTL_ENABLE_DEBUG_INFO = INCLUDE_SOURCE;
				MTL_FAST_MATH = YES;
				ONLY_ACTIVE_ARCH = YES;
				SDKROOT = iphoneos;
				SWIFT_ACTIVE_COMPILATION_CONDITIONS = DEBUG;
				SWIFT_OPTIMIZATION_LEVEL = "-Onone";
			};
			name = Debug;
		};
		FA37EA0A2574099D0073CF0C /* Release */ = {
			isa = XCBuildConfiguration;
			buildSettings = {
				ALWAYS_SEARCH_USER_PATHS = NO;
				CLANG_ANALYZER_NONNULL = YES;
				CLANG_ANALYZER_NUMBER_OBJECT_CONVERSION = YES_AGGRESSIVE;
				CLANG_CXX_LANGUAGE_STANDARD = "gnu++14";
				CLANG_CXX_LIBRARY = "libc++";
				CLANG_ENABLE_MODULES = YES;
				CLANG_ENABLE_OBJC_ARC = YES;
				CLANG_ENABLE_OBJC_WEAK = YES;
				CLANG_WARN_BLOCK_CAPTURE_AUTORELEASING = YES;
				CLANG_WARN_BOOL_CONVERSION = YES;
				CLANG_WARN_COMMA = YES;
				CLANG_WARN_CONSTANT_CONVERSION = YES;
				CLANG_WARN_DEPRECATED_OBJC_IMPLEMENTATIONS = YES;
				CLANG_WARN_DIRECT_OBJC_ISA_USAGE = YES_ERROR;
				CLANG_WARN_DOCUMENTATION_COMMENTS = YES;
				CLANG_WARN_EMPTY_BODY = YES;
				CLANG_WARN_ENUM_CONVERSION = YES;
				CLANG_WARN_INFINITE_RECURSION = YES;
				CLANG_WARN_INT_CONVERSION = YES;
				CLANG_WARN_NON_LITERAL_NULL_CONVERSION = YES;
				CLANG_WARN_OBJC_IMPLICIT_RETAIN_SELF = YES;
				CLANG_WARN_OBJC_LITERAL_CONVERSION = YES;
				CLANG_WARN_OBJC_ROOT_CLASS = YES_ERROR;
				CLANG_WARN_RANGE_LOOP_ANALYSIS = YES;
				CLANG_WARN_STRICT_PROTOTYPES = YES;
				CLANG_WARN_SUSPICIOUS_MOVE = YES;
				CLANG_WARN_UNGUARDED_AVAILABILITY = YES_AGGRESSIVE;
				CLANG_WARN_UNREACHABLE_CODE = YES;
				CLANG_WARN__DUPLICATE_METHOD_MATCH = YES;
				COPY_PHASE_STRIP = NO;
				DEBUG_INFORMATION_FORMAT = "dwarf-with-dsym";
				ENABLE_NS_ASSERTIONS = NO;
				ENABLE_STRICT_OBJC_MSGSEND = YES;
				GCC_C_LANGUAGE_STANDARD = gnu11;
				GCC_NO_COMMON_BLOCKS = YES;
				GCC_WARN_64_TO_32_BIT_CONVERSION = YES;
				GCC_WARN_ABOUT_RETURN_TYPE = YES_ERROR;
				GCC_WARN_UNDECLARED_SELECTOR = YES;
				GCC_WARN_UNINITIALIZED_AUTOS = YES_AGGRESSIVE;
				GCC_WARN_UNUSED_FUNCTION = YES;
				GCC_WARN_UNUSED_VARIABLE = YES;
				IPHONEOS_DEPLOYMENT_TARGET = 13.6;
				MTL_ENABLE_DEBUG_INFO = NO;
				MTL_FAST_MATH = YES;
				SDKROOT = iphoneos;
				SWIFT_COMPILATION_MODE = wholemodule;
				SWIFT_OPTIMIZATION_LEVEL = "-O";
				VALIDATE_PRODUCT = YES;
			};
			name = Release;
		};
		FA37EA0C2574099D0073CF0C /* Debug */ = {
			isa = XCBuildConfiguration;
			baseConfigurationReference = A132EE7F1F1B3B363015A156 /* Pods-TruckerShipper.debug.xcconfig */;
			buildSettings = {
				ASSETCATALOG_COMPILER_APPICON_NAME = AppIcon;
				CODE_SIGN_STYLE = Automatic;
				DEVELOPMENT_TEAM = JLC45AAFJR;
				INFOPLIST_FILE = TruckerShipper/Info.plist;
				IPHONEOS_DEPLOYMENT_TARGET = 13.0;
				LD_RUNPATH_SEARCH_PATHS = (
					"$(inherited)",
					"@executable_path/Frameworks",
				);
				PRODUCT_BUNDLE_IDENTIFIER = com.project.TruckerShipper;
				PRODUCT_NAME = "$(TARGET_NAME)";
				SWIFT_VERSION = 5.0;
				TARGETED_DEVICE_FAMILY = 1;
			};
			name = Debug;
		};
		FA37EA0D2574099D0073CF0C /* Release */ = {
			isa = XCBuildConfiguration;
			baseConfigurationReference = C2C9B300DDD7FD3454D093B4 /* Pods-TruckerShipper.release.xcconfig */;
			buildSettings = {
				ASSETCATALOG_COMPILER_APPICON_NAME = AppIcon;
				CODE_SIGN_STYLE = Automatic;
				DEVELOPMENT_TEAM = JLC45AAFJR;
				INFOPLIST_FILE = TruckerShipper/Info.plist;
				IPHONEOS_DEPLOYMENT_TARGET = 13.0;
				LD_RUNPATH_SEARCH_PATHS = (
					"$(inherited)",
					"@executable_path/Frameworks",
				);
				PRODUCT_BUNDLE_IDENTIFIER = com.project.TruckerShipper;
				PRODUCT_NAME = "$(TARGET_NAME)";
				SWIFT_VERSION = 5.0;
				TARGETED_DEVICE_FAMILY = 1;
			};
			name = Release;
		};
/* End XCBuildConfiguration section */

/* Begin XCConfigurationList section */
		FA37E9F22574099A0073CF0C /* Build configuration list for PBXProject "TruckerShipper" */ = {
			isa = XCConfigurationList;
			buildConfigurations = (
				FA37EA092574099D0073CF0C /* Debug */,
				FA37EA0A2574099D0073CF0C /* Release */,
			);
			defaultConfigurationIsVisible = 0;
			defaultConfigurationName = Release;
		};
		FA37EA0B2574099D0073CF0C /* Build configuration list for PBXNativeTarget "TruckerShipper" */ = {
			isa = XCConfigurationList;
			buildConfigurations = (
				FA37EA0C2574099D0073CF0C /* Debug */,
				FA37EA0D2574099D0073CF0C /* Release */,
			);
			defaultConfigurationIsVisible = 0;
			defaultConfigurationName = Release;
		};
/* End XCConfigurationList section */
	};
	rootObject = FA37E9EF2574099A0073CF0C /* Project object */;
}
